// !$*UTF8*$!
{
	archiveVersion = 1;
	classes = {
	};
	objectVersion = 46;
	objects = {

/* Begin PBXBuildFile section */
		7A4CF60BAF12A50A9C836991 /* Pods_Spottunes.framework in Frameworks */ = {isa = PBXBuildFile; fileRef = C5A35C681814C640EE9D42AC /* Pods_Spottunes.framework */; };
		981A6D301EB021B80045E2FD /* RecommendationSpotCollectionViewCell.swift in Sources */ = {isa = PBXBuildFile; fileRef = 981A6D2E1EB021B80045E2FD /* RecommendationSpotCollectionViewCell.swift */; };
		981A6D311EB021B80045E2FD /* RecommendationSpotCollectionViewCell.xib in Resources */ = {isa = PBXBuildFile; fileRef = 981A6D2F1EB021B80045E2FD /* RecommendationSpotCollectionViewCell.xib */; };
		981A6D361EB048260045E2FD /* OverviewViewController.swift in Sources */ = {isa = PBXBuildFile; fileRef = 981A6D351EB048260045E2FD /* OverviewViewController.swift */; };
		981A6D391EB04C0F0045E2FD /* Spot.swift in Sources */ = {isa = PBXBuildFile; fileRef = 981A6D381EB04C0F0045E2FD /* Spot.swift */; };
		981A6D3E1EB04D270045E2FD /* SpotThumbnailCollectionViewCell.swift in Sources */ = {isa = PBXBuildFile; fileRef = 981A6D3C1EB04D270045E2FD /* SpotThumbnailCollectionViewCell.swift */; };
		981A6D3F1EB04D270045E2FD /* SpotThumbnailCollectionViewCell.xib in Resources */ = {isa = PBXBuildFile; fileRef = 981A6D3D1EB04D270045E2FD /* SpotThumbnailCollectionViewCell.xib */; };
		981A6D441EB054AF0045E2FD /* CollectionHeaderReusableView.swift in Sources */ = {isa = PBXBuildFile; fileRef = 981A6D421EB054AF0045E2FD /* CollectionHeaderReusableView.swift */; };
		981A6D451EB054AF0045E2FD /* CollectionHeaderReusableView.xib in Resources */ = {isa = PBXBuildFile; fileRef = 981A6D431EB054AF0045E2FD /* CollectionHeaderReusableView.xib */; };
		981A6D4A1EB071BC0045E2FD /* SmartGenreCollectionViewCell.swift in Sources */ = {isa = PBXBuildFile; fileRef = 981A6D481EB071BC0045E2FD /* SmartGenreCollectionViewCell.swift */; };
		981A6D4B1EB071BC0045E2FD /* SmartGenreCollectionViewCell.xib in Resources */ = {isa = PBXBuildFile; fileRef = 981A6D491EB071BC0045E2FD /* SmartGenreCollectionViewCell.xib */; };
		981A6D4D1EB073EF0045E2FD /* Genre.swift in Sources */ = {isa = PBXBuildFile; fileRef = 981A6D4C1EB073EF0045E2FD /* Genre.swift */; };
		9833CAFA1EB18B00009997E9 /* PlayingViewController.swift in Sources */ = {isa = PBXBuildFile; fileRef = 9833CAF91EB18B00009997E9 /* PlayingViewController.swift */; };
		9833CB041EB1B457009997E9 /* UITableViewExtension.swift in Sources */ = {isa = PBXBuildFile; fileRef = 9833CB031EB1B457009997E9 /* UITableViewExtension.swift */; };
		9833CB071EB1F289009997E9 /* PlayingTableViewCell.swift in Sources */ = {isa = PBXBuildFile; fileRef = 9833CB051EB1F289009997E9 /* PlayingTableViewCell.swift */; };
		9833CB081EB1F289009997E9 /* PlayingTableViewCell.xib in Resources */ = {isa = PBXBuildFile; fileRef = 9833CB061EB1F289009997E9 /* PlayingTableViewCell.xib */; };
		983578431EAD116600E12751 /* GradientBackgroundAnimatedViewController.swift in Sources */ = {isa = PBXBuildFile; fileRef = 983578421EAD116600E12751 /* GradientBackgroundAnimatedViewController.swift */; };
		984B343B1EB41449001B53A3 /* HomeEmbedPageViewController.swift in Sources */ = {isa = PBXBuildFile; fileRef = 984B343A1EB41449001B53A3 /* HomeEmbedPageViewController.swift */; };
		98588CBB1EB555950035C355 /* NavigationHeaderView.xib in Resources */ = {isa = PBXBuildFile; fileRef = 98588CBA1EB555950035C355 /* NavigationHeaderView.xib */; };
		98588CBD1EB555AC0035C355 /* NavigationHeaderView.swift in Sources */ = {isa = PBXBuildFile; fileRef = 98588CBC1EB555AC0035C355 /* NavigationHeaderView.swift */; };
		98588CC11EB55B4E0035C355 /* ProfileViewController.swift in Sources */ = {isa = PBXBuildFile; fileRef = 98588CC01EB55B4E0035C355 /* ProfileViewController.swift */; };
		98588CC61EB55CE80035C355 /* ProfileHeaderCollectionViewCell.swift in Sources */ = {isa = PBXBuildFile; fileRef = 98588CC41EB55CE80035C355 /* ProfileHeaderCollectionViewCell.swift */; };
		98588CC71EB55CE80035C355 /* ProfileHeaderCollectionViewCell.xib in Resources */ = {isa = PBXBuildFile; fileRef = 98588CC51EB55CE80035C355 /* ProfileHeaderCollectionViewCell.xib */; };
		98588CCE1EB5647D0035C355 /* PlaylistCollectionViewCell.swift in Sources */ = {isa = PBXBuildFile; fileRef = 98588CCC1EB5647D0035C355 /* PlaylistCollectionViewCell.swift */; };
		98588CCF1EB5647D0035C355 /* PlaylistCollectionViewCell.xib in Resources */ = {isa = PBXBuildFile; fileRef = 98588CCD1EB5647D0035C355 /* PlaylistCollectionViewCell.xib */; };
		98588CD21EB6A81E0035C355 /* PlayView.swift in Sources */ = {isa = PBXBuildFile; fileRef = 98588CD11EB6A81E0035C355 /* PlayView.swift */; };
		98588CD41EB6A82A0035C355 /* PlayView.xib in Resources */ = {isa = PBXBuildFile; fileRef = 98588CD31EB6A82A0035C355 /* PlayView.xib */; };
		986F070C1EA86C04003806CA /* InitViewController.swift in Sources */ = {isa = PBXBuildFile; fileRef = 986F070B1EA86C04003806CA /* InitViewController.swift */; };
		986F070E1EA87DBC003806CA /* User.swift in Sources */ = {isa = PBXBuildFile; fileRef = 986F070D1EA87DBC003806CA /* User.swift */; };
		986F07101EA87FBA003806CA /* SpotifyClient.swift in Sources */ = {isa = PBXBuildFile; fileRef = 986F070F1EA87FBA003806CA /* SpotifyClient.swift */; };
		988E41741EB8708D0083A08A /* UIImageViewExtension.swift in Sources */ = {isa = PBXBuildFile; fileRef = 988E41731EB8708D0083A08A /* UIImageViewExtension.swift */; };
		988E41761EB992000083A08A /* Image.swift in Sources */ = {isa = PBXBuildFile; fileRef = 988E41751EB992000083A08A /* Image.swift */; };
		988E41791EB99D700083A08A /* SelectionFromPlaylistViewController.swift in Sources */ = {isa = PBXBuildFile; fileRef = 988E41781EB99D700083A08A /* SelectionFromPlaylistViewController.swift */; };
		988E417B1EB99D990083A08A /* PlaylistTableViewCell.swift in Sources */ = {isa = PBXBuildFile; fileRef = 988E417A1EB99D990083A08A /* PlaylistTableViewCell.swift */; };
		9892EED81EA9AA7F00AD44B7 /* URLRequest.swift in Sources */ = {isa = PBXBuildFile; fileRef = 9892EED71EA9AA7F00AD44B7 /* URLRequest.swift */; };
		9892EEDB1EAB42FA00AD44B7 /* FoursquareClient.swift in Sources */ = {isa = PBXBuildFile; fileRef = 9892EEDA1EAB42FA00AD44B7 /* FoursquareClient.swift */; };
		9892EEDE1EAB437C00AD44B7 /* CreateSpotViewController.swift in Sources */ = {isa = PBXBuildFile; fileRef = 9892EEDD1EAB437C00AD44B7 /* CreateSpotViewController.swift */; };
		9892EEE01EAB43AF00AD44B7 /* Location.swift in Sources */ = {isa = PBXBuildFile; fileRef = 9892EEDF1EAB43AF00AD44B7 /* Location.swift */; };
		98A0D2871EA27FEB0004966A /* AppDelegate.swift in Sources */ = {isa = PBXBuildFile; fileRef = 98A0D2861EA27FEB0004966A /* AppDelegate.swift */; };
		98A0D28E1EA27FEB0004966A /* Assets.xcassets in Resources */ = {isa = PBXBuildFile; fileRef = 98A0D28D1EA27FEB0004966A /* Assets.xcassets */; };
		98A0D2911EA27FEB0004966A /* LaunchScreen.storyboard in Resources */ = {isa = PBXBuildFile; fileRef = 98A0D28F1EA27FEB0004966A /* LaunchScreen.storyboard */; };
		98DD952B1EB5102B007973D6 /* ListenerViewController.swift in Sources */ = {isa = PBXBuildFile; fileRef = 98DD952A1EB5102B007973D6 /* ListenerViewController.swift */; };
		98DD952F1EB5235F007973D6 /* ListenerTableViewCell.swift in Sources */ = {isa = PBXBuildFile; fileRef = 98DD952D1EB5235F007973D6 /* ListenerTableViewCell.swift */; };
		98DD95301EB5235F007973D6 /* ListenerTableViewCell.xib in Resources */ = {isa = PBXBuildFile; fileRef = 98DD952E1EB5235F007973D6 /* ListenerTableViewCell.xib */; };
		98E5EB9C1EAD85AB00B0D3D6 /* OnboardingViewController.swift in Sources */ = {isa = PBXBuildFile; fileRef = 98E5EB9B1EAD85AB00B0D3D6 /* OnboardingViewController.swift */; };
		98E5EB9E1EAD886F00B0D3D6 /* OnboardingView.xib in Resources */ = {isa = PBXBuildFile; fileRef = 98E5EB9D1EAD886F00B0D3D6 /* OnboardingView.xib */; };
		98E5EBA01EAD88E800B0D3D6 /* OnboardingView.swift in Sources */ = {isa = PBXBuildFile; fileRef = 98E5EB9F1EAD88E800B0D3D6 /* OnboardingView.swift */; };
		98E5EBA31EAE641100B0D3D6 /* RecommendedSpotView.xib in Resources */ = {isa = PBXBuildFile; fileRef = 98E5EBA21EAE641100B0D3D6 /* RecommendedSpotView.xib */; };
		98E5EBA51EAE642E00B0D3D6 /* RecommendedSpotView.swift in Sources */ = {isa = PBXBuildFile; fileRef = 98E5EBA41EAE642E00B0D3D6 /* RecommendedSpotView.swift */; };
		98E5EBA81EAFBE0B00B0D3D6 /* GlobalTabBarController.swift in Sources */ = {isa = PBXBuildFile; fileRef = 98E5EBA71EAFBE0B00B0D3D6 /* GlobalTabBarController.swift */; };
		98E5EBAB1EAFCE8300B0D3D6 /* HomeViewController.swift in Sources */ = {isa = PBXBuildFile; fileRef = 98E5EBAA1EAFCE8300B0D3D6 /* HomeViewController.swift */; };
		98EFBE091EA282790050675D /* SpotifyAudioPlayback.framework in Frameworks */ = {isa = PBXBuildFile; fileRef = 98EFBE071EA282790050675D /* SpotifyAudioPlayback.framework */; };
		98EFBE0A1EA282790050675D /* SpotifyAuthentication.framework in Frameworks */ = {isa = PBXBuildFile; fileRef = 98EFBE081EA282790050675D /* SpotifyAuthentication.framework */; };
		98EFBE121EA292070050675D /* LogInViewController.swift in Sources */ = {isa = PBXBuildFile; fileRef = 98EFBE111EA292070050675D /* LogInViewController.swift */; };
		98EFBE151EA29DCC0050675D /* Main.storyboard in Resources */ = {isa = PBXBuildFile; fileRef = 98EFBE131EA29DCC0050675D /* Main.storyboard */; };
		98EFBE1A1EA29E350050675D /* StorybordIdentifier.swift in Sources */ = {isa = PBXBuildFile; fileRef = 98EFBE161EA29E350050675D /* StorybordIdentifier.swift */; };
		98EFBE1D1EA29E350050675D /* App.swift in Sources */ = {isa = PBXBuildFile; fileRef = 98EFBE191EA29E350050675D /* App.swift */; };
		98EFBE251EA29F000050675D /* UIViewExtension.swift in Sources */ = {isa = PBXBuildFile; fileRef = 98EFBE201EA29F000050675D /* UIViewExtension.swift */; };
		98EFBE261EA29F000050675D /* UIImageExtension.swift in Sources */ = {isa = PBXBuildFile; fileRef = 98EFBE211EA29F000050675D /* UIImageExtension.swift */; };
		98EFBE271EA29F000050675D /* UIColorExtension.swift in Sources */ = {isa = PBXBuildFile; fileRef = 98EFBE221EA29F000050675D /* UIColorExtension.swift */; };
		98EFBE281EA29F000050675D /* RoundedView.swift in Sources */ = {isa = PBXBuildFile; fileRef = 98EFBE231EA29F000050675D /* RoundedView.swift */; };
		98EFBE291EA29F000050675D /* RoundedButton.swift in Sources */ = {isa = PBXBuildFile; fileRef = 98EFBE241EA29F000050675D /* RoundedButton.swift */; };
		98EFBE2B1EA2A2E90050675D /* HomeWrapperViewController.swift in Sources */ = {isa = PBXBuildFile; fileRef = 98EFBE2A1EA2A2E90050675D /* HomeWrapperViewController.swift */; };
		98EFBE341EA2D8930050675D /* TunesDetailsViewController.swift in Sources */ = {isa = PBXBuildFile; fileRef = 98EFBE331EA2D8930050675D /* TunesDetailsViewController.swift */; };
		98EFBE371EA2E2450050675D /* ListTableViewCell.swift in Sources */ = {isa = PBXBuildFile; fileRef = 98EFBE361EA2E2450050675D /* ListTableViewCell.swift */; };
		98EFBE3C1EA2EE310050675D /* Playlist.swift in Sources */ = {isa = PBXBuildFile; fileRef = 98EFBE3B1EA2EE310050675D /* Playlist.swift */; };
		98EFBE3E1EA341F70050675D /* UIButtonExtension.swift in Sources */ = {isa = PBXBuildFile; fileRef = 98EFBE3D1EA341F70050675D /* UIButtonExtension.swift */; };
		98EFBE401EA3C90D0050675D /* Song.swift in Sources */ = {isa = PBXBuildFile; fileRef = 98EFBE3F1EA3C90D0050675D /* Song.swift */; };
		B743E9831EBA694E00A0CCD3 /* MapViewController.swift in Sources */ = {isa = PBXBuildFile; fileRef = B743E9811EBA694E00A0CCD3 /* MapViewController.swift */; };
		B743E9841EBA694E00A0CCD3 /* MapViewController.xib in Resources */ = {isa = PBXBuildFile; fileRef = B743E9821EBA694E00A0CCD3 /* MapViewController.xib */; };
		B743E98B1EBA6A8300A0CCD3 /* LocationSearchTableViewController.swift in Sources */ = {isa = PBXBuildFile; fileRef = B743E9871EBA6A8300A0CCD3 /* LocationSearchTableViewController.swift */; };
		B743E98C1EBA6A8300A0CCD3 /* LocationSearchTableViewController.xib in Resources */ = {isa = PBXBuildFile; fileRef = B743E9881EBA6A8300A0CCD3 /* LocationSearchTableViewController.xib */; };
		B743E98D1EBA6A8300A0CCD3 /* LocationSearchTableViewCell.swift in Sources */ = {isa = PBXBuildFile; fileRef = B743E9891EBA6A8300A0CCD3 /* LocationSearchTableViewCell.swift */; };
		B743E98E1EBA6A8300A0CCD3 /* LocationSearchTableViewCell.xib in Resources */ = {isa = PBXBuildFile; fileRef = B743E98A1EBA6A8300A0CCD3 /* LocationSearchTableViewCell.xib */; };
		B743E9911EBA6AEA00A0CCD3 /* MKMapViewExtension.swift in Sources */ = {isa = PBXBuildFile; fileRef = B743E9901EBA6AEA00A0CCD3 /* MKMapViewExtension.swift */; };
/* End PBXBuildFile section */

/* Begin PBXFileReference section */
		766A9720120B2CA291FD022A /* Pods-Spottunes.debug.xcconfig */ = {isa = PBXFileReference; includeInIndex = 1; lastKnownFileType = text.xcconfig; name = "Pods-Spottunes.debug.xcconfig"; path = "Pods/Target Support Files/Pods-Spottunes/Pods-Spottunes.debug.xcconfig"; sourceTree = "<group>"; };
		9600EB3E0DDFD87F47C0ACF7 /* Pods-Spottunes.release.xcconfig */ = {isa = PBXFileReference; includeInIndex = 1; lastKnownFileType = text.xcconfig; name = "Pods-Spottunes.release.xcconfig"; path = "Pods/Target Support Files/Pods-Spottunes/Pods-Spottunes.release.xcconfig"; sourceTree = "<group>"; };
		981A6D2E1EB021B80045E2FD /* RecommendationSpotCollectionViewCell.swift */ = {isa = PBXFileReference; fileEncoding = 4; lastKnownFileType = sourcecode.swift; path = RecommendationSpotCollectionViewCell.swift; sourceTree = "<group>"; };
		981A6D2F1EB021B80045E2FD /* RecommendationSpotCollectionViewCell.xib */ = {isa = PBXFileReference; fileEncoding = 4; lastKnownFileType = file.xib; path = RecommendationSpotCollectionViewCell.xib; sourceTree = "<group>"; };
		981A6D351EB048260045E2FD /* OverviewViewController.swift */ = {isa = PBXFileReference; fileEncoding = 4; lastKnownFileType = sourcecode.swift; path = OverviewViewController.swift; sourceTree = "<group>"; };
		981A6D381EB04C0F0045E2FD /* Spot.swift */ = {isa = PBXFileReference; fileEncoding = 4; lastKnownFileType = sourcecode.swift; path = Spot.swift; sourceTree = "<group>"; };
		981A6D3C1EB04D270045E2FD /* SpotThumbnailCollectionViewCell.swift */ = {isa = PBXFileReference; fileEncoding = 4; lastKnownFileType = sourcecode.swift; path = SpotThumbnailCollectionViewCell.swift; sourceTree = "<group>"; };
		981A6D3D1EB04D270045E2FD /* SpotThumbnailCollectionViewCell.xib */ = {isa = PBXFileReference; fileEncoding = 4; lastKnownFileType = file.xib; path = SpotThumbnailCollectionViewCell.xib; sourceTree = "<group>"; };
		981A6D421EB054AF0045E2FD /* CollectionHeaderReusableView.swift */ = {isa = PBXFileReference; fileEncoding = 4; lastKnownFileType = sourcecode.swift; path = CollectionHeaderReusableView.swift; sourceTree = "<group>"; };
		981A6D431EB054AF0045E2FD /* CollectionHeaderReusableView.xib */ = {isa = PBXFileReference; fileEncoding = 4; lastKnownFileType = file.xib; path = CollectionHeaderReusableView.xib; sourceTree = "<group>"; };
		981A6D481EB071BC0045E2FD /* SmartGenreCollectionViewCell.swift */ = {isa = PBXFileReference; fileEncoding = 4; lastKnownFileType = sourcecode.swift; path = SmartGenreCollectionViewCell.swift; sourceTree = "<group>"; };
		981A6D491EB071BC0045E2FD /* SmartGenreCollectionViewCell.xib */ = {isa = PBXFileReference; fileEncoding = 4; lastKnownFileType = file.xib; path = SmartGenreCollectionViewCell.xib; sourceTree = "<group>"; };
		981A6D4C1EB073EF0045E2FD /* Genre.swift */ = {isa = PBXFileReference; fileEncoding = 4; lastKnownFileType = sourcecode.swift; path = Genre.swift; sourceTree = "<group>"; };
		9833CAF91EB18B00009997E9 /* PlayingViewController.swift */ = {isa = PBXFileReference; fileEncoding = 4; lastKnownFileType = sourcecode.swift; path = PlayingViewController.swift; sourceTree = "<group>"; };
		9833CB031EB1B457009997E9 /* UITableViewExtension.swift */ = {isa = PBXFileReference; fileEncoding = 4; lastKnownFileType = sourcecode.swift; path = UITableViewExtension.swift; sourceTree = "<group>"; };
		9833CB051EB1F289009997E9 /* PlayingTableViewCell.swift */ = {isa = PBXFileReference; fileEncoding = 4; lastKnownFileType = sourcecode.swift; path = PlayingTableViewCell.swift; sourceTree = "<group>"; };
		9833CB061EB1F289009997E9 /* PlayingTableViewCell.xib */ = {isa = PBXFileReference; fileEncoding = 4; lastKnownFileType = file.xib; path = PlayingTableViewCell.xib; sourceTree = "<group>"; };
		983578421EAD116600E12751 /* GradientBackgroundAnimatedViewController.swift */ = {isa = PBXFileReference; fileEncoding = 4; lastKnownFileType = sourcecode.swift; path = GradientBackgroundAnimatedViewController.swift; sourceTree = "<group>"; };
		984B343A1EB41449001B53A3 /* HomeEmbedPageViewController.swift */ = {isa = PBXFileReference; fileEncoding = 4; lastKnownFileType = sourcecode.swift; path = HomeEmbedPageViewController.swift; sourceTree = "<group>"; };
		98588CBA1EB555950035C355 /* NavigationHeaderView.xib */ = {isa = PBXFileReference; fileEncoding = 4; lastKnownFileType = file.xib; path = NavigationHeaderView.xib; sourceTree = "<group>"; };
		98588CBC1EB555AC0035C355 /* NavigationHeaderView.swift */ = {isa = PBXFileReference; fileEncoding = 4; lastKnownFileType = sourcecode.swift; path = NavigationHeaderView.swift; sourceTree = "<group>"; };
		98588CC01EB55B4E0035C355 /* ProfileViewController.swift */ = {isa = PBXFileReference; fileEncoding = 4; lastKnownFileType = sourcecode.swift; path = ProfileViewController.swift; sourceTree = "<group>"; };
		98588CC41EB55CE80035C355 /* ProfileHeaderCollectionViewCell.swift */ = {isa = PBXFileReference; fileEncoding = 4; lastKnownFileType = sourcecode.swift; path = ProfileHeaderCollectionViewCell.swift; sourceTree = "<group>"; };
		98588CC51EB55CE80035C355 /* ProfileHeaderCollectionViewCell.xib */ = {isa = PBXFileReference; fileEncoding = 4; lastKnownFileType = file.xib; path = ProfileHeaderCollectionViewCell.xib; sourceTree = "<group>"; };
		98588CCC1EB5647D0035C355 /* PlaylistCollectionViewCell.swift */ = {isa = PBXFileReference; fileEncoding = 4; lastKnownFileType = sourcecode.swift; path = PlaylistCollectionViewCell.swift; sourceTree = "<group>"; };
		98588CCD1EB5647D0035C355 /* PlaylistCollectionViewCell.xib */ = {isa = PBXFileReference; fileEncoding = 4; lastKnownFileType = file.xib; path = PlaylistCollectionViewCell.xib; sourceTree = "<group>"; };
		98588CD11EB6A81E0035C355 /* PlayView.swift */ = {isa = PBXFileReference; fileEncoding = 4; lastKnownFileType = sourcecode.swift; path = PlayView.swift; sourceTree = "<group>"; };
		98588CD31EB6A82A0035C355 /* PlayView.xib */ = {isa = PBXFileReference; fileEncoding = 4; lastKnownFileType = file.xib; path = PlayView.xib; sourceTree = "<group>"; };
		986F070B1EA86C04003806CA /* InitViewController.swift */ = {isa = PBXFileReference; fileEncoding = 4; lastKnownFileType = sourcecode.swift; path = InitViewController.swift; sourceTree = "<group>"; };
		986F070D1EA87DBC003806CA /* User.swift */ = {isa = PBXFileReference; fileEncoding = 4; lastKnownFileType = sourcecode.swift; path = User.swift; sourceTree = "<group>"; };
		986F070F1EA87FBA003806CA /* SpotifyClient.swift */ = {isa = PBXFileReference; fileEncoding = 4; lastKnownFileType = sourcecode.swift; path = SpotifyClient.swift; sourceTree = "<group>"; };
		988E41731EB8708D0083A08A /* UIImageViewExtension.swift */ = {isa = PBXFileReference; fileEncoding = 4; lastKnownFileType = sourcecode.swift; path = UIImageViewExtension.swift; sourceTree = "<group>"; };
		988E41751EB992000083A08A /* Image.swift */ = {isa = PBXFileReference; fileEncoding = 4; lastKnownFileType = sourcecode.swift; path = Image.swift; sourceTree = "<group>"; };
		988E41781EB99D700083A08A /* SelectionFromPlaylistViewController.swift */ = {isa = PBXFileReference; fileEncoding = 4; lastKnownFileType = sourcecode.swift; path = SelectionFromPlaylistViewController.swift; sourceTree = "<group>"; };
		988E417A1EB99D990083A08A /* PlaylistTableViewCell.swift */ = {isa = PBXFileReference; fileEncoding = 4; lastKnownFileType = sourcecode.swift; path = PlaylistTableViewCell.swift; sourceTree = "<group>"; };
		9892EED71EA9AA7F00AD44B7 /* URLRequest.swift */ = {isa = PBXFileReference; fileEncoding = 4; lastKnownFileType = sourcecode.swift; path = URLRequest.swift; sourceTree = "<group>"; };
		9892EEDA1EAB42FA00AD44B7 /* FoursquareClient.swift */ = {isa = PBXFileReference; fileEncoding = 4; lastKnownFileType = sourcecode.swift; path = FoursquareClient.swift; sourceTree = "<group>"; };
		9892EEDD1EAB437C00AD44B7 /* CreateSpotViewController.swift */ = {isa = PBXFileReference; fileEncoding = 4; lastKnownFileType = sourcecode.swift; path = CreateSpotViewController.swift; sourceTree = "<group>"; };
		9892EEDF1EAB43AF00AD44B7 /* Location.swift */ = {isa = PBXFileReference; fileEncoding = 4; lastKnownFileType = sourcecode.swift; path = Location.swift; sourceTree = "<group>"; };
		98A0D2831EA27FEB0004966A /* Spottunes.app */ = {isa = PBXFileReference; explicitFileType = wrapper.application; includeInIndex = 0; path = Spottunes.app; sourceTree = BUILT_PRODUCTS_DIR; };
		98A0D2861EA27FEB0004966A /* AppDelegate.swift */ = {isa = PBXFileReference; lastKnownFileType = sourcecode.swift; path = AppDelegate.swift; sourceTree = "<group>"; };
		98A0D28D1EA27FEB0004966A /* Assets.xcassets */ = {isa = PBXFileReference; lastKnownFileType = folder.assetcatalog; path = Assets.xcassets; sourceTree = "<group>"; };
		98A0D2901EA27FEB0004966A /* Base */ = {isa = PBXFileReference; lastKnownFileType = file.storyboard; name = Base; path = Base.lproj/LaunchScreen.storyboard; sourceTree = "<group>"; };
		98A0D2921EA27FEB0004966A /* Info.plist */ = {isa = PBXFileReference; lastKnownFileType = text.plist.xml; path = Info.plist; sourceTree = "<group>"; };
		98DD952A1EB5102B007973D6 /* ListenerViewController.swift */ = {isa = PBXFileReference; fileEncoding = 4; lastKnownFileType = sourcecode.swift; path = ListenerViewController.swift; sourceTree = "<group>"; };
		98DD952D1EB5235F007973D6 /* ListenerTableViewCell.swift */ = {isa = PBXFileReference; fileEncoding = 4; lastKnownFileType = sourcecode.swift; path = ListenerTableViewCell.swift; sourceTree = "<group>"; };
		98DD952E1EB5235F007973D6 /* ListenerTableViewCell.xib */ = {isa = PBXFileReference; fileEncoding = 4; lastKnownFileType = file.xib; path = ListenerTableViewCell.xib; sourceTree = "<group>"; };
		98E5EB9B1EAD85AB00B0D3D6 /* OnboardingViewController.swift */ = {isa = PBXFileReference; fileEncoding = 4; lastKnownFileType = sourcecode.swift; path = OnboardingViewController.swift; sourceTree = "<group>"; };
		98E5EB9D1EAD886F00B0D3D6 /* OnboardingView.xib */ = {isa = PBXFileReference; fileEncoding = 4; lastKnownFileType = file.xib; path = OnboardingView.xib; sourceTree = "<group>"; };
		98E5EB9F1EAD88E800B0D3D6 /* OnboardingView.swift */ = {isa = PBXFileReference; fileEncoding = 4; lastKnownFileType = sourcecode.swift; path = OnboardingView.swift; sourceTree = "<group>"; };
		98E5EBA21EAE641100B0D3D6 /* RecommendedSpotView.xib */ = {isa = PBXFileReference; fileEncoding = 4; lastKnownFileType = file.xib; path = RecommendedSpotView.xib; sourceTree = "<group>"; };
		98E5EBA41EAE642E00B0D3D6 /* RecommendedSpotView.swift */ = {isa = PBXFileReference; fileEncoding = 4; lastKnownFileType = sourcecode.swift; path = RecommendedSpotView.swift; sourceTree = "<group>"; };
		98E5EBA71EAFBE0B00B0D3D6 /* GlobalTabBarController.swift */ = {isa = PBXFileReference; fileEncoding = 4; lastKnownFileType = sourcecode.swift; path = GlobalTabBarController.swift; sourceTree = "<group>"; };
		98E5EBAA1EAFCE8300B0D3D6 /* HomeViewController.swift */ = {isa = PBXFileReference; fileEncoding = 4; lastKnownFileType = sourcecode.swift; path = HomeViewController.swift; sourceTree = "<group>"; };
		98EFBE071EA282790050675D /* SpotifyAudioPlayback.framework */ = {isa = PBXFileReference; lastKnownFileType = wrapper.framework; path = SpotifyAudioPlayback.framework; sourceTree = "<group>"; };
		98EFBE081EA282790050675D /* SpotifyAuthentication.framework */ = {isa = PBXFileReference; lastKnownFileType = wrapper.framework; path = SpotifyAuthentication.framework; sourceTree = "<group>"; };
		98EFBE0B1EA282CD0050675D /* Spottunes-Bridging-Header.h */ = {isa = PBXFileReference; lastKnownFileType = sourcecode.c.h; path = "Spottunes-Bridging-Header.h"; sourceTree = "<group>"; };
		98EFBE111EA292070050675D /* LogInViewController.swift */ = {isa = PBXFileReference; fileEncoding = 4; lastKnownFileType = sourcecode.swift; path = LogInViewController.swift; sourceTree = "<group>"; };
		98EFBE141EA29DCC0050675D /* Base */ = {isa = PBXFileReference; lastKnownFileType = file.storyboard; name = Base; path = Base.lproj/Main.storyboard; sourceTree = "<group>"; };
		98EFBE161EA29E350050675D /* StorybordIdentifier.swift */ = {isa = PBXFileReference; fileEncoding = 4; lastKnownFileType = sourcecode.swift; path = StorybordIdentifier.swift; sourceTree = "<group>"; };
		98EFBE191EA29E350050675D /* App.swift */ = {isa = PBXFileReference; fileEncoding = 4; lastKnownFileType = sourcecode.swift; path = App.swift; sourceTree = "<group>"; };
		98EFBE201EA29F000050675D /* UIViewExtension.swift */ = {isa = PBXFileReference; fileEncoding = 4; lastKnownFileType = sourcecode.swift; path = UIViewExtension.swift; sourceTree = "<group>"; };
		98EFBE211EA29F000050675D /* UIImageExtension.swift */ = {isa = PBXFileReference; fileEncoding = 4; lastKnownFileType = sourcecode.swift; path = UIImageExtension.swift; sourceTree = "<group>"; };
		98EFBE221EA29F000050675D /* UIColorExtension.swift */ = {isa = PBXFileReference; fileEncoding = 4; lastKnownFileType = sourcecode.swift; path = UIColorExtension.swift; sourceTree = "<group>"; };
		98EFBE231EA29F000050675D /* RoundedView.swift */ = {isa = PBXFileReference; fileEncoding = 4; lastKnownFileType = sourcecode.swift; path = RoundedView.swift; sourceTree = "<group>"; };
		98EFBE241EA29F000050675D /* RoundedButton.swift */ = {isa = PBXFileReference; fileEncoding = 4; lastKnownFileType = sourcecode.swift; path = RoundedButton.swift; sourceTree = "<group>"; };
		98EFBE2A1EA2A2E90050675D /* HomeWrapperViewController.swift */ = {isa = PBXFileReference; fileEncoding = 4; lastKnownFileType = sourcecode.swift; path = HomeWrapperViewController.swift; sourceTree = "<group>"; };
		98EFBE331EA2D8930050675D /* TunesDetailsViewController.swift */ = {isa = PBXFileReference; fileEncoding = 4; lastKnownFileType = sourcecode.swift; path = TunesDetailsViewController.swift; sourceTree = "<group>"; };
		98EFBE361EA2E2450050675D /* ListTableViewCell.swift */ = {isa = PBXFileReference; fileEncoding = 4; lastKnownFileType = sourcecode.swift; path = ListTableViewCell.swift; sourceTree = "<group>"; };
		98EFBE3B1EA2EE310050675D /* Playlist.swift */ = {isa = PBXFileReference; fileEncoding = 4; lastKnownFileType = sourcecode.swift; path = Playlist.swift; sourceTree = "<group>"; };
		98EFBE3D1EA341F70050675D /* UIButtonExtension.swift */ = {isa = PBXFileReference; fileEncoding = 4; lastKnownFileType = sourcecode.swift; path = UIButtonExtension.swift; sourceTree = "<group>"; };
		98EFBE3F1EA3C90D0050675D /* Song.swift */ = {isa = PBXFileReference; fileEncoding = 4; lastKnownFileType = sourcecode.swift; path = Song.swift; sourceTree = "<group>"; };
		B743E9811EBA694E00A0CCD3 /* MapViewController.swift */ = {isa = PBXFileReference; fileEncoding = 4; lastKnownFileType = sourcecode.swift; path = MapViewController.swift; sourceTree = "<group>"; };
		B743E9821EBA694E00A0CCD3 /* MapViewController.xib */ = {isa = PBXFileReference; fileEncoding = 4; lastKnownFileType = file.xib; path = MapViewController.xib; sourceTree = "<group>"; };
		B743E9871EBA6A8300A0CCD3 /* LocationSearchTableViewController.swift */ = {isa = PBXFileReference; fileEncoding = 4; lastKnownFileType = sourcecode.swift; path = LocationSearchTableViewController.swift; sourceTree = "<group>"; };
		B743E9881EBA6A8300A0CCD3 /* LocationSearchTableViewController.xib */ = {isa = PBXFileReference; fileEncoding = 4; lastKnownFileType = file.xib; path = LocationSearchTableViewController.xib; sourceTree = "<group>"; };
		B743E9891EBA6A8300A0CCD3 /* LocationSearchTableViewCell.swift */ = {isa = PBXFileReference; fileEncoding = 4; lastKnownFileType = sourcecode.swift; path = LocationSearchTableViewCell.swift; sourceTree = "<group>"; };
		B743E98A1EBA6A8300A0CCD3 /* LocationSearchTableViewCell.xib */ = {isa = PBXFileReference; fileEncoding = 4; lastKnownFileType = file.xib; path = LocationSearchTableViewCell.xib; sourceTree = "<group>"; };
		B743E9901EBA6AEA00A0CCD3 /* MKMapViewExtension.swift */ = {isa = PBXFileReference; fileEncoding = 4; lastKnownFileType = sourcecode.swift; path = MKMapViewExtension.swift; sourceTree = "<group>"; };
		C5A35C681814C640EE9D42AC /* Pods_Spottunes.framework */ = {isa = PBXFileReference; explicitFileType = wrapper.framework; includeInIndex = 0; path = Pods_Spottunes.framework; sourceTree = BUILT_PRODUCTS_DIR; };
/* End PBXFileReference section */

/* Begin PBXFrameworksBuildPhase section */
		98A0D2801EA27FEB0004966A /* Frameworks */ = {
			isa = PBXFrameworksBuildPhase;
			buildActionMask = 2147483647;
			files = (
				7A4CF60BAF12A50A9C836991 /* Pods_Spottunes.framework in Frameworks */,
				98EFBE0A1EA282790050675D /* SpotifyAuthentication.framework in Frameworks */,
				98EFBE091EA282790050675D /* SpotifyAudioPlayback.framework in Frameworks */,
			);
			runOnlyForDeploymentPostprocessing = 0;
		};
/* End PBXFrameworksBuildPhase section */

/* Begin PBXGroup section */
		981A6D321EB03AA40045E2FD /* RecommendedCellView */ = {
			isa = PBXGroup;
			children = (
				981A6D411EB04D420045E2FD /* RecommendationCollectionView */,
			);
			name = RecommendedCellView;
			sourceTree = "<group>";
		};
		981A6D371EB048D00045E2FD /* OverviewPage */ = {
			isa = PBXGroup;
			children = (
				981A6D461EB0559C0045E2FD /* Reusableview */,
				9833CAF81EB18AE0009997E9 /* SmartGenre */,
				981A6D321EB03AA40045E2FD /* RecommendedCellView */,
				981A6D351EB048260045E2FD /* OverviewViewController.swift */,
			);
			name = OverviewPage;
			sourceTree = "<group>";
		};
		981A6D401EB04D2E0045E2FD /* SpotThumbCollecitonView */ = {
			isa = PBXGroup;
			children = (
				981A6D3C1EB04D270045E2FD /* SpotThumbnailCollectionViewCell.swift */,
				981A6D3D1EB04D270045E2FD /* SpotThumbnailCollectionViewCell.xib */,
			);
			name = SpotThumbCollecitonView;
			sourceTree = "<group>";
		};
		981A6D411EB04D420045E2FD /* RecommendationCollectionView */ = {
			isa = PBXGroup;
			children = (
				981A6D2E1EB021B80045E2FD /* RecommendationSpotCollectionViewCell.swift */,
				981A6D2F1EB021B80045E2FD /* RecommendationSpotCollectionViewCell.xib */,
			);
			name = RecommendationCollectionView;
			sourceTree = "<group>";
		};
		981A6D461EB0559C0045E2FD /* Reusableview */ = {
			isa = PBXGroup;
			children = (
				981A6D421EB054AF0045E2FD /* CollectionHeaderReusableView.swift */,
				981A6D431EB054AF0045E2FD /* CollectionHeaderReusableView.xib */,
			);
			name = Reusableview;
			sourceTree = "<group>";
		};
		981A6D471EB06F380045E2FD /* Home */ = {
			isa = PBXGroup;
			children = (
				98E5EBAA1EAFCE8300B0D3D6 /* HomeViewController.swift */,
			);
			name = Home;
			sourceTree = "<group>";
		};
		9833CAF81EB18AE0009997E9 /* SmartGenre */ = {
			isa = PBXGroup;
			children = (
				981A6D481EB071BC0045E2FD /* SmartGenreCollectionViewCell.swift */,
				981A6D491EB071BC0045E2FD /* SmartGenreCollectionViewCell.xib */,
			);
			name = SmartGenre;
			sourceTree = "<group>";
		};
		98588CB91EB538390035C355 /* ListenerPage */ = {
			isa = PBXGroup;
			children = (
				98DD952A1EB5102B007973D6 /* ListenerViewController.swift */,
				98DD952D1EB5235F007973D6 /* ListenerTableViewCell.swift */,
				98DD952E1EB5235F007973D6 /* ListenerTableViewCell.xib */,
			);
			name = ListenerPage;
			sourceTree = "<group>";
		};
		98588CBE1EB555C10035C355 /* NavigationHeader */ = {
			isa = PBXGroup;
			children = (
				98588CBA1EB555950035C355 /* NavigationHeaderView.xib */,
				98588CBC1EB555AC0035C355 /* NavigationHeaderView.swift */,
			);
			name = NavigationHeader;
			sourceTree = "<group>";
		};
		98588CBF1EB55B340035C355 /* ProfilePage */ = {
			isa = PBXGroup;
			children = (
				98588CC01EB55B4E0035C355 /* ProfileViewController.swift */,
				98588CC41EB55CE80035C355 /* ProfileHeaderCollectionViewCell.swift */,
				98588CC51EB55CE80035C355 /* ProfileHeaderCollectionViewCell.xib */,
			);
			name = ProfilePage;
			sourceTree = "<group>";
		};
		98588CD01EB564980035C355 /* PlaylistCollectionCell */ = {
			isa = PBXGroup;
			children = (
				98588CCC1EB5647D0035C355 /* PlaylistCollectionViewCell.swift */,
				98588CCD1EB5647D0035C355 /* PlaylistCollectionViewCell.xib */,
			);
			name = PlaylistCollectionCell;
			sourceTree = "<group>";
		};
		988E41771EB99D460083A08A /* Select from Playlist */ = {
			isa = PBXGroup;
			children = (
				988E41781EB99D700083A08A /* SelectionFromPlaylistViewController.swift */,
				988E417A1EB99D990083A08A /* PlaylistTableViewCell.swift */,
			);
			name = "Select from Playlist";
			sourceTree = "<group>";
		};
		988E417C1EB99DFE0083A08A /* PlayView */ = {
			isa = PBXGroup;
			children = (
				98588CD11EB6A81E0035C355 /* PlayView.swift */,
				98588CD31EB6A82A0035C355 /* PlayView.xib */,
			);
			name = PlayView;
			sourceTree = "<group>";
		};
		9892EED91EAB42EC00AD44B7 /* Client */ = {
			isa = PBXGroup;
			children = (
				986F070F1EA87FBA003806CA /* SpotifyClient.swift */,
				9892EEDA1EAB42FA00AD44B7 /* FoursquareClient.swift */,
			);
			name = Client;
			sourceTree = "<group>";
		};
		9892EEDC1EAB433E00AD44B7 /* Introduction Scenes */ = {
			isa = PBXGroup;
			children = (
				98E5EBA11EAE63E300B0D3D6 /* OnboardingView */,
				98E5EBA61EAE647700B0D3D6 /* RecommendedSpotView */,
				98E5EB9B1EAD85AB00B0D3D6 /* OnboardingViewController.swift */,
				9892EEDD1EAB437C00AD44B7 /* CreateSpotViewController.swift */,
			);
			name = "Introduction Scenes";
			sourceTree = "<group>";
		};
		98A0D27A1EA27FEA0004966A = {
			isa = PBXGroup;
			children = (
				98A0D2851EA27FEB0004966A /* Spottunes */,
				98A0D2841EA27FEB0004966A /* Products */,
				CE5C78EF2F261759DCB6D41F /* Pods */,
				BADB3D78B37B2B7D8A8FDCE1 /* Frameworks */,
			);
			sourceTree = "<group>";
		};
		98A0D2841EA27FEB0004966A /* Products */ = {
			isa = PBXGroup;
			children = (
				98A0D2831EA27FEB0004966A /* Spottunes.app */,
			);
			name = Products;
			sourceTree = "<group>";
		};
		98A0D2851EA27FEB0004966A /* Spottunes */ = {
			isa = PBXGroup;
			children = (
				983578421EAD116600E12751 /* GradientBackgroundAnimatedViewController.swift */,
				98A0D2861EA27FEB0004966A /* AppDelegate.swift */,
				98EFBE191EA29E350050675D /* App.swift */,
				986F070B1EA86C04003806CA /* InitViewController.swift */,
				98EFBE131EA29DCC0050675D /* Main.storyboard */,
				B743E9801EBA68A600A0CCD3 /* MapView */,
				B743E98F1EBA6A8C00A0CCD3 /* SearchView */,
				9892EED91EAB42EC00AD44B7 /* Client */,
				98EFBE3A1EA2EE250050675D /* Model */,
				988E41771EB99D460083A08A /* Select from Playlist */,
				98EFBE351EA2D8990050675D /* Detail */,
				988E417C1EB99DFE0083A08A /* PlayView */,
				984B343A1EB41449001B53A3 /* HomeEmbedPageViewController.swift */,
				98588CBF1EB55B340035C355 /* ProfilePage */,
				98588CD01EB564980035C355 /* PlaylistCollectionCell */,
				981A6D401EB04D2E0045E2FD /* SpotThumbCollecitonView */,
				98588CBE1EB555C10035C355 /* NavigationHeader */,
				98588CB91EB538390035C355 /* ListenerPage */,
				98DD952C1EB51033007973D6 /* PlayingPage */,
				981A6D371EB048D00045E2FD /* OverviewPage */,
				98E5EBA91EAFBF0400B0D3D6 /* TabBar */,
				9892EEDC1EAB433E00AD44B7 /* Introduction Scenes */,
				98EFBE321EA2A4CB0050675D /* Login */,
				98EFBE2C1EA2A2EC0050675D /* Home */,
				98EFBE1F1EA29EEE0050675D /* Extension */,
				98EFBE1E1EA29E390050675D /* Macro */,
				98A0D28D1EA27FEB0004966A /* Assets.xcassets */,
				98A0D28F1EA27FEB0004966A /* LaunchScreen.storyboard */,
				98A0D2921EA27FEB0004966A /* Info.plist */,
				98EFBE0B1EA282CD0050675D /* Spottunes-Bridging-Header.h */,
			);
			path = Spottunes;
			sourceTree = "<group>";
		};
		98DD952C1EB51033007973D6 /* PlayingPage */ = {
			isa = PBXGroup;
			children = (
				9833CAF91EB18B00009997E9 /* PlayingViewController.swift */,
				9833CB051EB1F289009997E9 /* PlayingTableViewCell.swift */,
				9833CB061EB1F289009997E9 /* PlayingTableViewCell.xib */,
			);
			name = PlayingPage;
			sourceTree = "<group>";
		};
		98E5EBA11EAE63E300B0D3D6 /* OnboardingView */ = {
			isa = PBXGroup;
			children = (
				98E5EB9F1EAD88E800B0D3D6 /* OnboardingView.swift */,
				98E5EB9D1EAD886F00B0D3D6 /* OnboardingView.xib */,
			);
			name = OnboardingView;
			sourceTree = "<group>";
		};
		98E5EBA61EAE647700B0D3D6 /* RecommendedSpotView */ = {
			isa = PBXGroup;
			children = (
				98E5EBA21EAE641100B0D3D6 /* RecommendedSpotView.xib */,
				98E5EBA41EAE642E00B0D3D6 /* RecommendedSpotView.swift */,
			);
			name = RecommendedSpotView;
			sourceTree = "<group>";
		};
		98E5EBA91EAFBF0400B0D3D6 /* TabBar */ = {
			isa = PBXGroup;
			children = (
				98E5EBA71EAFBE0B00B0D3D6 /* GlobalTabBarController.swift */,
				981A6D471EB06F380045E2FD /* Home */,
			);
			name = TabBar;
			sourceTree = "<group>";
		};
		98EFBE1E1EA29E390050675D /* Macro */ = {
			isa = PBXGroup;
			children = (
				98EFBE161EA29E350050675D /* StorybordIdentifier.swift */,
			);
			name = Macro;
			sourceTree = "<group>";
		};
		98EFBE1F1EA29EEE0050675D /* Extension */ = {
			isa = PBXGroup;
			children = (
				B743E9901EBA6AEA00A0CCD3 /* MKMapViewExtension.swift */,
				98EFBE201EA29F000050675D /* UIViewExtension.swift */,
				9833CB031EB1B457009997E9 /* UITableViewExtension.swift */,
				9892EED71EA9AA7F00AD44B7 /* URLRequest.swift */,
				98EFBE211EA29F000050675D /* UIImageExtension.swift */,
				988E41731EB8708D0083A08A /* UIImageViewExtension.swift */,
				98EFBE3D1EA341F70050675D /* UIButtonExtension.swift */,
				98EFBE221EA29F000050675D /* UIColorExtension.swift */,
				98EFBE231EA29F000050675D /* RoundedView.swift */,
				98EFBE241EA29F000050675D /* RoundedButton.swift */,
			);
			name = Extension;
			sourceTree = "<group>";
		};
		98EFBE2C1EA2A2EC0050675D /* Home */ = {
			isa = PBXGroup;
			children = (
				98EFBE2A1EA2A2E90050675D /* HomeWrapperViewController.swift */,
			);
			name = Home;
			sourceTree = "<group>";
		};
		98EFBE321EA2A4CB0050675D /* Login */ = {
			isa = PBXGroup;
			children = (
				98EFBE111EA292070050675D /* LogInViewController.swift */,
			);
			name = Login;
			sourceTree = "<group>";
		};
		98EFBE351EA2D8990050675D /* Detail */ = {
			isa = PBXGroup;
			children = (
				98EFBE331EA2D8930050675D /* TunesDetailsViewController.swift */,
				98EFBE361EA2E2450050675D /* ListTableViewCell.swift */,
			);
			name = Detail;
			sourceTree = "<group>";
		};
		98EFBE3A1EA2EE250050675D /* Model */ = {
			isa = PBXGroup;
			children = (
				9892EEDF1EAB43AF00AD44B7 /* Location.swift */,
				981A6D381EB04C0F0045E2FD /* Spot.swift */,
				981A6D4C1EB073EF0045E2FD /* Genre.swift */,
				98EFBE3B1EA2EE310050675D /* Playlist.swift */,
				986F070D1EA87DBC003806CA /* User.swift */,
				988E41751EB992000083A08A /* Image.swift */,
				98EFBE3F1EA3C90D0050675D /* Song.swift */,
			);
			name = Model;
			sourceTree = "<group>";
		};
		B743E9801EBA68A600A0CCD3 /* MapView */ = {
			isa = PBXGroup;
			children = (
				B743E9811EBA694E00A0CCD3 /* MapViewController.swift */,
				B743E9821EBA694E00A0CCD3 /* MapViewController.xib */,
			);
			name = MapView;
			sourceTree = "<group>";
		};
		B743E98F1EBA6A8C00A0CCD3 /* SearchView */ = {
			isa = PBXGroup;
			children = (
				B743E9871EBA6A8300A0CCD3 /* LocationSearchTableViewController.swift */,
				B743E9881EBA6A8300A0CCD3 /* LocationSearchTableViewController.xib */,
				B743E9891EBA6A8300A0CCD3 /* LocationSearchTableViewCell.swift */,
				B743E98A1EBA6A8300A0CCD3 /* LocationSearchTableViewCell.xib */,
			);
			name = SearchView;
			sourceTree = "<group>";
		};
		BADB3D78B37B2B7D8A8FDCE1 /* Frameworks */ = {
			isa = PBXGroup;
			children = (
				98EFBE071EA282790050675D /* SpotifyAudioPlayback.framework */,
				98EFBE081EA282790050675D /* SpotifyAuthentication.framework */,
				C5A35C681814C640EE9D42AC /* Pods_Spottunes.framework */,
			);
			name = Frameworks;
			sourceTree = "<group>";
		};
		CE5C78EF2F261759DCB6D41F /* Pods */ = {
			isa = PBXGroup;
			children = (
				766A9720120B2CA291FD022A /* Pods-Spottunes.debug.xcconfig */,
				9600EB3E0DDFD87F47C0ACF7 /* Pods-Spottunes.release.xcconfig */,
			);
			name = Pods;
			sourceTree = "<group>";
		};
/* End PBXGroup section */

/* Begin PBXNativeTarget section */
		98A0D2821EA27FEB0004966A /* Spottunes */ = {
			isa = PBXNativeTarget;
			buildConfigurationList = 98A0D2951EA27FEB0004966A /* Build configuration list for PBXNativeTarget "Spottunes" */;
			buildPhases = (
				ACFD9787710FBC178DD3652D /* [CP] Check Pods Manifest.lock */,
				98A0D27F1EA27FEB0004966A /* Sources */,
				98A0D2801EA27FEB0004966A /* Frameworks */,
				98A0D2811EA27FEB0004966A /* Resources */,
				1F99182980AEE635D07B2871 /* [CP] Embed Pods Frameworks */,
				9B6A771A4EB36EC6B03979F5 /* [CP] Copy Pods Resources */,
			);
			buildRules = (
			);
			dependencies = (
			);
			name = Spottunes;
			productName = Spottunes;
			productReference = 98A0D2831EA27FEB0004966A /* Spottunes.app */;
			productType = "com.apple.product-type.application";
		};
/* End PBXNativeTarget section */

/* Begin PBXProject section */
		98A0D27B1EA27FEA0004966A /* Project object */ = {
			isa = PBXProject;
			attributes = {
				LastSwiftUpdateCheck = 0830;
				LastUpgradeCheck = 0830;
				ORGANIZATIONNAME = "___Spottunes___";
				TargetAttributes = {
					98A0D2821EA27FEB0004966A = {
						CreatedOnToolsVersion = 8.3;
						DevelopmentTeam = 2ATYTS9SNC;
						LastSwiftMigration = 0830;
						ProvisioningStyle = Automatic;
					};
				};
			};
			buildConfigurationList = 98A0D27E1EA27FEA0004966A /* Build configuration list for PBXProject "Spottunes" */;
			compatibilityVersion = "Xcode 3.2";
			developmentRegion = English;
			hasScannedForEncodings = 0;
			knownRegions = (
				en,
				Base,
			);
			mainGroup = 98A0D27A1EA27FEA0004966A;
			productRefGroup = 98A0D2841EA27FEB0004966A /* Products */;
			projectDirPath = "";
			projectRoot = "";
			targets = (
				98A0D2821EA27FEB0004966A /* Spottunes */,
			);
		};
/* End PBXProject section */

/* Begin PBXResourcesBuildPhase section */
		98A0D2811EA27FEB0004966A /* Resources */ = {
			isa = PBXResourcesBuildPhase;
			buildActionMask = 2147483647;
			files = (
				981A6D451EB054AF0045E2FD /* CollectionHeaderReusableView.xib in Resources */,
				981A6D3F1EB04D270045E2FD /* SpotThumbnailCollectionViewCell.xib in Resources */,
				98588CC71EB55CE80035C355 /* ProfileHeaderCollectionViewCell.xib in Resources */,
				B743E9841EBA694E00A0CCD3 /* MapViewController.xib in Resources */,
				9833CB081EB1F289009997E9 /* PlayingTableViewCell.xib in Resources */,
				98EFBE151EA29DCC0050675D /* Main.storyboard in Resources */,
				B743E98E1EBA6A8300A0CCD3 /* LocationSearchTableViewCell.xib in Resources */,
				98E5EB9E1EAD886F00B0D3D6 /* OnboardingView.xib in Resources */,
				98A0D2911EA27FEB0004966A /* LaunchScreen.storyboard in Resources */,
				981A6D4B1EB071BC0045E2FD /* SmartGenreCollectionViewCell.xib in Resources */,
				98E5EBA31EAE641100B0D3D6 /* RecommendedSpotView.xib in Resources */,
				98A0D28E1EA27FEB0004966A /* Assets.xcassets in Resources */,
				98588CD41EB6A82A0035C355 /* PlayView.xib in Resources */,
				98588CCF1EB5647D0035C355 /* PlaylistCollectionViewCell.xib in Resources */,
				98DD95301EB5235F007973D6 /* ListenerTableViewCell.xib in Resources */,
				98588CBB1EB555950035C355 /* NavigationHeaderView.xib in Resources */,
				B743E98C1EBA6A8300A0CCD3 /* LocationSearchTableViewController.xib in Resources */,
				981A6D311EB021B80045E2FD /* RecommendationSpotCollectionViewCell.xib in Resources */,
			);
			runOnlyForDeploymentPostprocessing = 0;
		};
/* End PBXResourcesBuildPhase section */

/* Begin PBXShellScriptBuildPhase section */
		1F99182980AEE635D07B2871 /* [CP] Embed Pods Frameworks */ = {
			isa = PBXShellScriptBuildPhase;
			buildActionMask = 2147483647;
			files = (
			);
			inputPaths = (
			);
			name = "[CP] Embed Pods Frameworks";
			outputPaths = (
			);
			runOnlyForDeploymentPostprocessing = 0;
			shellPath = /bin/sh;
			shellScript = "\"${SRCROOT}/Pods/Target Support Files/Pods-Spottunes/Pods-Spottunes-frameworks.sh\"\n";
			showEnvVarsInLog = 0;
		};
		9B6A771A4EB36EC6B03979F5 /* [CP] Copy Pods Resources */ = {
			isa = PBXShellScriptBuildPhase;
			buildActionMask = 2147483647;
			files = (
			);
			inputPaths = (
			);
			name = "[CP] Copy Pods Resources";
			outputPaths = (
			);
			runOnlyForDeploymentPostprocessing = 0;
			shellPath = /bin/sh;
			shellScript = "\"${SRCROOT}/Pods/Target Support Files/Pods-Spottunes/Pods-Spottunes-resources.sh\"\n";
			showEnvVarsInLog = 0;
		};
		ACFD9787710FBC178DD3652D /* [CP] Check Pods Manifest.lock */ = {
			isa = PBXShellScriptBuildPhase;
			buildActionMask = 2147483647;
			files = (
			);
			inputPaths = (
			);
			name = "[CP] Check Pods Manifest.lock";
			outputPaths = (
			);
			runOnlyForDeploymentPostprocessing = 0;
			shellPath = /bin/sh;
			shellScript = "diff \"${PODS_PODFILE_DIR_PATH}/Podfile.lock\" \"${PODS_ROOT}/Manifest.lock\" > /dev/null\nif [ $? != 0 ] ; then\n    # print error to STDERR\n    echo \"error: The sandbox is not in sync with the Podfile.lock. Run 'pod install' or update your CocoaPods installation.\" >&2\n    exit 1\nfi\n";
			showEnvVarsInLog = 0;
		};
/* End PBXShellScriptBuildPhase section */

/* Begin PBXSourcesBuildPhase section */
		98A0D27F1EA27FEB0004966A /* Sources */ = {
			isa = PBXSourcesBuildPhase;
			buildActionMask = 2147483647;
			files = (
				B743E98B1EBA6A8300A0CCD3 /* LocationSearchTableViewController.swift in Sources */,
				981A6D4A1EB071BC0045E2FD /* SmartGenreCollectionViewCell.swift in Sources */,
				98A0D2871EA27FEB0004966A /* AppDelegate.swift in Sources */,
				9892EEDB1EAB42FA00AD44B7 /* FoursquareClient.swift in Sources */,
				9833CB071EB1F289009997E9 /* PlayingTableViewCell.swift in Sources */,
				98588CC61EB55CE80035C355 /* ProfileHeaderCollectionViewCell.swift in Sources */,
				98EFBE121EA292070050675D /* LogInViewController.swift in Sources */,
				988E41761EB992000083A08A /* Image.swift in Sources */,
				98E5EBA81EAFBE0B00B0D3D6 /* GlobalTabBarController.swift in Sources */,
				98EFBE261EA29F000050675D /* UIImageExtension.swift in Sources */,
				98EFBE2B1EA2A2E90050675D /* HomeWrapperViewController.swift in Sources */,
				9892EEDE1EAB437C00AD44B7 /* CreateSpotViewController.swift in Sources */,
				98EFBE1D1EA29E350050675D /* App.swift in Sources */,
				9833CB041EB1B457009997E9 /* UITableViewExtension.swift in Sources */,
				98DD952B1EB5102B007973D6 /* ListenerViewController.swift in Sources */,
				988E41741EB8708D0083A08A /* UIImageViewExtension.swift in Sources */,
				981A6D301EB021B80045E2FD /* RecommendationSpotCollectionViewCell.swift in Sources */,
				B743E9831EBA694E00A0CCD3 /* MapViewController.swift in Sources */,
				98EFBE291EA29F000050675D /* RoundedButton.swift in Sources */,
				983578431EAD116600E12751 /* GradientBackgroundAnimatedViewController.swift in Sources */,
				981A6D441EB054AF0045E2FD /* CollectionHeaderReusableView.swift in Sources */,
				B743E98D1EBA6A8300A0CCD3 /* LocationSearchTableViewCell.swift in Sources */,
				981A6D361EB048260045E2FD /* OverviewViewController.swift in Sources */,
				98EFBE271EA29F000050675D /* UIColorExtension.swift in Sources */,
				98E5EBA01EAD88E800B0D3D6 /* OnboardingView.swift in Sources */,
				98EFBE251EA29F000050675D /* UIViewExtension.swift in Sources */,
				98588CCE1EB5647D0035C355 /* PlaylistCollectionViewCell.swift in Sources */,
				984B343B1EB41449001B53A3 /* HomeEmbedPageViewController.swift in Sources */,
				98E5EB9C1EAD85AB00B0D3D6 /* OnboardingViewController.swift in Sources */,
				98EFBE3C1EA2EE310050675D /* Playlist.swift in Sources */,
				981A6D391EB04C0F0045E2FD /* Spot.swift in Sources */,
				98EFBE281EA29F000050675D /* RoundedView.swift in Sources */,
				9833CAFA1EB18B00009997E9 /* PlayingViewController.swift in Sources */,
				98EFBE3E1EA341F70050675D /* UIButtonExtension.swift in Sources */,
				98588CBD1EB555AC0035C355 /* NavigationHeaderView.swift in Sources */,
				9892EEE01EAB43AF00AD44B7 /* Location.swift in Sources */,
				981A6D3E1EB04D270045E2FD /* SpotThumbnailCollectionViewCell.swift in Sources */,
				98E5EBAB1EAFCE8300B0D3D6 /* HomeViewController.swift in Sources */,
				98EFBE401EA3C90D0050675D /* Song.swift in Sources */,
				98EFBE341EA2D8930050675D /* TunesDetailsViewController.swift in Sources */,
				98DD952F1EB5235F007973D6 /* ListenerTableViewCell.swift in Sources */,
				986F070E1EA87DBC003806CA /* User.swift in Sources */,
				986F07101EA87FBA003806CA /* SpotifyClient.swift in Sources */,
				988E417B1EB99D990083A08A /* PlaylistTableViewCell.swift in Sources */,
				98588CD21EB6A81E0035C355 /* PlayView.swift in Sources */,
				B743E9911EBA6AEA00A0CCD3 /* MKMapViewExtension.swift in Sources */,
				98EFBE371EA2E2450050675D /* ListTableViewCell.swift in Sources */,
				986F070C1EA86C04003806CA /* InitViewController.swift in Sources */,
				98EFBE1A1EA29E350050675D /* StorybordIdentifier.swift in Sources */,
				988E41791EB99D700083A08A /* SelectionFromPlaylistViewController.swift in Sources */,
				9892EED81EA9AA7F00AD44B7 /* URLRequest.swift in Sources */,
				98588CC11EB55B4E0035C355 /* ProfileViewController.swift in Sources */,
				981A6D4D1EB073EF0045E2FD /* Genre.swift in Sources */,
				98E5EBA51EAE642E00B0D3D6 /* RecommendedSpotView.swift in Sources */,
			);
			runOnlyForDeploymentPostprocessing = 0;
		};
/* End PBXSourcesBuildPhase section */

/* Begin PBXVariantGroup section */
		98A0D28F1EA27FEB0004966A /* LaunchScreen.storyboard */ = {
			isa = PBXVariantGroup;
			children = (
				98A0D2901EA27FEB0004966A /* Base */,
			);
			name = LaunchScreen.storyboard;
			sourceTree = "<group>";
		};
		98EFBE131EA29DCC0050675D /* Main.storyboard */ = {
			isa = PBXVariantGroup;
			children = (
				98EFBE141EA29DCC0050675D /* Base */,
			);
			name = Main.storyboard;
			sourceTree = "<group>";
		};
/* End PBXVariantGroup section */

/* Begin XCBuildConfiguration section */
		98A0D2931EA27FEB0004966A /* Debug */ = {
			isa = XCBuildConfiguration;
			buildSettings = {
				ALWAYS_SEARCH_USER_PATHS = NO;
				CLANG_ANALYZER_NONNULL = YES;
				CLANG_ANALYZER_NUMBER_OBJECT_CONVERSION = YES_AGGRESSIVE;
				CLANG_CXX_LANGUAGE_STANDARD = "gnu++0x";
				CLANG_CXX_LIBRARY = "libc++";
				CLANG_ENABLE_MODULES = YES;
				CLANG_ENABLE_OBJC_ARC = YES;
				CLANG_WARN_BOOL_CONVERSION = YES;
				CLANG_WARN_CONSTANT_CONVERSION = YES;
				CLANG_WARN_DIRECT_OBJC_ISA_USAGE = YES_ERROR;
				CLANG_WARN_DOCUMENTATION_COMMENTS = YES;
				CLANG_WARN_EMPTY_BODY = YES;
				CLANG_WARN_ENUM_CONVERSION = YES;
				CLANG_WARN_INFINITE_RECURSION = YES;
				CLANG_WARN_INT_CONVERSION = YES;
				CLANG_WARN_OBJC_ROOT_CLASS = YES_ERROR;
				CLANG_WARN_SUSPICIOUS_MOVE = YES;
				CLANG_WARN_UNREACHABLE_CODE = YES;
				CLANG_WARN__DUPLICATE_METHOD_MATCH = YES;
				"CODE_SIGN_IDENTITY[sdk=iphoneos*]" = "iPhone Developer";
				COPY_PHASE_STRIP = NO;
				DEBUG_INFORMATION_FORMAT = dwarf;
				ENABLE_STRICT_OBJC_MSGSEND = YES;
				ENABLE_TESTABILITY = YES;
				GCC_C_LANGUAGE_STANDARD = gnu99;
				GCC_DYNAMIC_NO_PIC = NO;
				GCC_NO_COMMON_BLOCKS = YES;
				GCC_OPTIMIZATION_LEVEL = 0;
				GCC_PREPROCESSOR_DEFINITIONS = (
					"DEBUG=1",
					"$(inherited)",
				);
				GCC_WARN_64_TO_32_BIT_CONVERSION = YES;
				GCC_WARN_ABOUT_RETURN_TYPE = YES_ERROR;
				GCC_WARN_UNDECLARED_SELECTOR = YES;
				GCC_WARN_UNINITIALIZED_AUTOS = YES_AGGRESSIVE;
				GCC_WARN_UNUSED_FUNCTION = YES;
				GCC_WARN_UNUSED_VARIABLE = YES;
				IPHONEOS_DEPLOYMENT_TARGET = 10.3;
				MTL_ENABLE_DEBUG_INFO = YES;
				ONLY_ACTIVE_ARCH = YES;
				SDKROOT = iphoneos;
				SWIFT_ACTIVE_COMPILATION_CONDITIONS = DEBUG;
				SWIFT_OPTIMIZATION_LEVEL = "-Onone";
			};
			name = Debug;
		};
		98A0D2941EA27FEB0004966A /* Release */ = {
			isa = XCBuildConfiguration;
			buildSettings = {
				ALWAYS_SEARCH_USER_PATHS = NO;
				CLANG_ANALYZER_NONNULL = YES;
				CLANG_ANALYZER_NUMBER_OBJECT_CONVERSION = YES_AGGRESSIVE;
				CLANG_CXX_LANGUAGE_STANDARD = "gnu++0x";
				CLANG_CXX_LIBRARY = "libc++";
				CLANG_ENABLE_MODULES = YES;
				CLANG_ENABLE_OBJC_ARC = YES;
				CLANG_WARN_BOOL_CONVERSION = YES;
				CLANG_WARN_CONSTANT_CONVERSION = YES;
				CLANG_WARN_DIRECT_OBJC_ISA_USAGE = YES_ERROR;
				CLANG_WARN_DOCUMENTATION_COMMENTS = YES;
				CLANG_WARN_EMPTY_BODY = YES;
				CLANG_WARN_ENUM_CONVERSION = YES;
				CLANG_WARN_INFINITE_RECURSION = YES;
				CLANG_WARN_INT_CONVERSION = YES;
				CLANG_WARN_OBJC_ROOT_CLASS = YES_ERROR;
				CLANG_WARN_SUSPICIOUS_MOVE = YES;
				CLANG_WARN_UNREACHABLE_CODE = YES;
				CLANG_WARN__DUPLICATE_METHOD_MATCH = YES;
				"CODE_SIGN_IDENTITY[sdk=iphoneos*]" = "iPhone Developer";
				COPY_PHASE_STRIP = NO;
				DEBUG_INFORMATION_FORMAT = "dwarf-with-dsym";
				ENABLE_NS_ASSERTIONS = NO;
				ENABLE_STRICT_OBJC_MSGSEND = YES;
				GCC_C_LANGUAGE_STANDARD = gnu99;
				GCC_NO_COMMON_BLOCKS = YES;
				GCC_WARN_64_TO_32_BIT_CONVERSION = YES;
				GCC_WARN_ABOUT_RETURN_TYPE = YES_ERROR;
				GCC_WARN_UNDECLARED_SELECTOR = YES;
				GCC_WARN_UNINITIALIZED_AUTOS = YES_AGGRESSIVE;
				GCC_WARN_UNUSED_FUNCTION = YES;
				GCC_WARN_UNUSED_VARIABLE = YES;
				IPHONEOS_DEPLOYMENT_TARGET = 10.3;
				MTL_ENABLE_DEBUG_INFO = NO;
				SDKROOT = iphoneos;
				SWIFT_OPTIMIZATION_LEVEL = "-Owholemodule";
				VALIDATE_PRODUCT = YES;
			};
			name = Release;
		};
		98A0D2961EA27FEB0004966A /* Debug */ = {
			isa = XCBuildConfiguration;
			baseConfigurationReference = 766A9720120B2CA291FD022A /* Pods-Spottunes.debug.xcconfig */;
			buildSettings = {
				ASSETCATALOG_COMPILER_APPICON_NAME = AppIcon;
				CLANG_ENABLE_MODULES = YES;
				DEVELOPMENT_TEAM = 2ATYTS9SNC;
				FRAMEWORK_SEARCH_PATHS = (
					"$(inherited)",
					"$(PROJECT_DIR)",
				);
				INFOPLIST_FILE = Spottunes/Info.plist;
				LD_RUNPATH_SEARCH_PATHS = "$(inherited) @executable_path/Frameworks";
				OTHER_LDFLAGS = (
					"$(inherited)",
					"-framework",
					"\"Bolts\"",
					"-framework",
					"\"Parse\"",
					"-ObjC",
				);
				PRODUCT_BUNDLE_IDENTIFIER = com.spottunes.Spottunes;
				PRODUCT_NAME = "$(TARGET_NAME)";
				SWIFT_OBJC_BRIDGING_HEADER = "Spottunes/Spottunes-Bridging-Header.h";
				SWIFT_OPTIMIZATION_LEVEL = "-Onone";
				SWIFT_VERSION = 3.0;
			};
			name = Debug;
		};
		98A0D2971EA27FEB0004966A /* Release */ = {
			isa = XCBuildConfiguration;
			baseConfigurationReference = 9600EB3E0DDFD87F47C0ACF7 /* Pods-Spottunes.release.xcconfig */;
			buildSettings = {
				ASSETCATALOG_COMPILER_APPICON_NAME = AppIcon;
				CLANG_ENABLE_MODULES = YES;
				DEVELOPMENT_TEAM = 2ATYTS9SNC;
				FRAMEWORK_SEARCH_PATHS = (
					"$(inherited)",
					"$(PROJECT_DIR)",
				);
				INFOPLIST_FILE = Spottunes/Info.plist;
				LD_RUNPATH_SEARCH_PATHS = "$(inherited) @executable_path/Frameworks";
				OTHER_LDFLAGS = (
					"$(inherited)",
					"-framework",
					"\"Bolts\"",
					"-framework",
					"\"Parse\"",
					"-ObjC",
				);
				PRODUCT_BUNDLE_IDENTIFIER = com.spottunes.Spottunes;
				PRODUCT_NAME = "$(TARGET_NAME)";
				SWIFT_OBJC_BRIDGING_HEADER = "Spottunes/Spottunes-Bridging-Header.h";
				SWIFT_VERSION = 3.0;
			};
			name = Release;
		};
/* End XCBuildConfiguration section */

/* Begin XCConfigurationList section */
		98A0D27E1EA27FEA0004966A /* Build configuration list for PBXProject "Spottunes" */ = {
			isa = XCConfigurationList;
			buildConfigurations = (
				98A0D2931EA27FEB0004966A /* Debug */,
				98A0D2941EA27FEB0004966A /* Release */,
			);
			defaultConfigurationIsVisible = 0;
			defaultConfigurationName = Release;
		};
		98A0D2951EA27FEB0004966A /* Build configuration list for PBXNativeTarget "Spottunes" */ = {
			isa = XCConfigurationList;
			buildConfigurations = (
				98A0D2961EA27FEB0004966A /* Debug */,
				98A0D2971EA27FEB0004966A /* Release */,
			);
			defaultConfigurationIsVisible = 0;
			defaultConfigurationName = Release;
		};
/* End XCConfigurationList section */
	};
	rootObject = 98A0D27B1EA27FEA0004966A /* Project object */;
}
