// !$*UTF8*$!
{
	archiveVersion = 1;
	classes = {
	};
	objectVersion = 46;
	objects = {

/* Begin PBXBuildFile section */
		7A4CF60BAF12A50A9C836991 /* Pods_Spottunes.framework in Frameworks */ = {isa = PBXBuildFile; fileRef = C5A35C681814C640EE9D42AC /* Pods_Spottunes.framework */; };
		98A0D2871EA27FEB0004966A /* AppDelegate.swift in Sources */ = {isa = PBXBuildFile; fileRef = 98A0D2861EA27FEB0004966A /* AppDelegate.swift */; };
		98A0D28E1EA27FEB0004966A /* Assets.xcassets in Resources */ = {isa = PBXBuildFile; fileRef = 98A0D28D1EA27FEB0004966A /* Assets.xcassets */; };
		98A0D2911EA27FEB0004966A /* LaunchScreen.storyboard in Resources */ = {isa = PBXBuildFile; fileRef = 98A0D28F1EA27FEB0004966A /* LaunchScreen.storyboard */; };
		98EFBE091EA282790050675D /* SpotifyAudioPlayback.framework in Frameworks */ = {isa = PBXBuildFile; fileRef = 98EFBE071EA282790050675D /* SpotifyAudioPlayback.framework */; };
		98EFBE0A1EA282790050675D /* SpotifyAuthentication.framework in Frameworks */ = {isa = PBXBuildFile; fileRef = 98EFBE081EA282790050675D /* SpotifyAuthentication.framework */; };
		98EFBE121EA292070050675D /* LogInViewController.swift in Sources */ = {isa = PBXBuildFile; fileRef = 98EFBE111EA292070050675D /* LogInViewController.swift */; };
		98EFBE151EA29DCC0050675D /* Main.storyboard in Resources */ = {isa = PBXBuildFile; fileRef = 98EFBE131EA29DCC0050675D /* Main.storyboard */; };
		98EFBE1A1EA29E350050675D /* StorybordIdentifier.swift in Sources */ = {isa = PBXBuildFile; fileRef = 98EFBE161EA29E350050675D /* StorybordIdentifier.swift */; };
		98EFBE1D1EA29E350050675D /* App.swift in Sources */ = {isa = PBXBuildFile; fileRef = 98EFBE191EA29E350050675D /* App.swift */; };
		98EFBE251EA29F000050675D /* UIViewExtension.swift in Sources */ = {isa = PBXBuildFile; fileRef = 98EFBE201EA29F000050675D /* UIViewExtension.swift */; };
		98EFBE261EA29F000050675D /* UIImageExtension.swift in Sources */ = {isa = PBXBuildFile; fileRef = 98EFBE211EA29F000050675D /* UIImageExtension.swift */; };
		98EFBE271EA29F000050675D /* UIColorExtension.swift in Sources */ = {isa = PBXBuildFile; fileRef = 98EFBE221EA29F000050675D /* UIColorExtension.swift */; };
		98EFBE281EA29F000050675D /* RoundedView.swift in Sources */ = {isa = PBXBuildFile; fileRef = 98EFBE231EA29F000050675D /* RoundedView.swift */; };
		98EFBE291EA29F000050675D /* RoundedButton.swift in Sources */ = {isa = PBXBuildFile; fileRef = 98EFBE241EA29F000050675D /* RoundedButton.swift */; };
		98EFBE2B1EA2A2E90050675D /* HomeWrapperViewController.swift in Sources */ = {isa = PBXBuildFile; fileRef = 98EFBE2A1EA2A2E90050675D /* HomeWrapperViewController.swift */; };
		98EFBE311EA2A3CE0050675D /* MapViewController.swift in Sources */ = {isa = PBXBuildFile; fileRef = 98EFBE301EA2A3CE0050675D /* MapViewController.swift */; };
		98EFBE341EA2D8930050675D /* TunesDetailsViewController.swift in Sources */ = {isa = PBXBuildFile; fileRef = 98EFBE331EA2D8930050675D /* TunesDetailsViewController.swift */; };
		98EFBE371EA2E2450050675D /* ListTableViewCell.swift in Sources */ = {isa = PBXBuildFile; fileRef = 98EFBE361EA2E2450050675D /* ListTableViewCell.swift */; };
		98EFBE3C1EA2EE310050675D /* PlayList.swift in Sources */ = {isa = PBXBuildFile; fileRef = 98EFBE3B1EA2EE310050675D /* PlayList.swift */; };
		98EFBE3E1EA341F70050675D /* UIButtonExtension.swift in Sources */ = {isa = PBXBuildFile; fileRef = 98EFBE3D1EA341F70050675D /* UIButtonExtension.swift */; };
		98EFBE401EA3C90D0050675D /* Song.swift in Sources */ = {isa = PBXBuildFile; fileRef = 98EFBE3F1EA3C90D0050675D /* Song.swift */; };
/* End PBXBuildFile section */

/* Begin PBXFileReference section */
		766A9720120B2CA291FD022A /* Pods-Spottunes.debug.xcconfig */ = {isa = PBXFileReference; includeInIndex = 1; lastKnownFileType = text.xcconfig; name = "Pods-Spottunes.debug.xcconfig"; path = "Pods/Target Support Files/Pods-Spottunes/Pods-Spottunes.debug.xcconfig"; sourceTree = "<group>"; };
		9600EB3E0DDFD87F47C0ACF7 /* Pods-Spottunes.release.xcconfig */ = {isa = PBXFileReference; includeInIndex = 1; lastKnownFileType = text.xcconfig; name = "Pods-Spottunes.release.xcconfig"; path = "Pods/Target Support Files/Pods-Spottunes/Pods-Spottunes.release.xcconfig"; sourceTree = "<group>"; };
		98A0D2831EA27FEB0004966A /* Spottunes.app */ = {isa = PBXFileReference; explicitFileType = wrapper.application; includeInIndex = 0; path = Spottunes.app; sourceTree = BUILT_PRODUCTS_DIR; };
		98A0D2861EA27FEB0004966A /* AppDelegate.swift */ = {isa = PBXFileReference; lastKnownFileType = sourcecode.swift; path = AppDelegate.swift; sourceTree = "<group>"; };
		98A0D28D1EA27FEB0004966A /* Assets.xcassets */ = {isa = PBXFileReference; lastKnownFileType = folder.assetcatalog; path = Assets.xcassets; sourceTree = "<group>"; };
		98A0D2901EA27FEB0004966A /* Base */ = {isa = PBXFileReference; lastKnownFileType = file.storyboard; name = Base; path = Base.lproj/LaunchScreen.storyboard; sourceTree = "<group>"; };
		98A0D2921EA27FEB0004966A /* Info.plist */ = {isa = PBXFileReference; lastKnownFileType = text.plist.xml; path = Info.plist; sourceTree = "<group>"; };
		98EFBE071EA282790050675D /* SpotifyAudioPlayback.framework */ = {isa = PBXFileReference; lastKnownFileType = wrapper.framework; path = SpotifyAudioPlayback.framework; sourceTree = "<group>"; };
		98EFBE081EA282790050675D /* SpotifyAuthentication.framework */ = {isa = PBXFileReference; lastKnownFileType = wrapper.framework; path = SpotifyAuthentication.framework; sourceTree = "<group>"; };
		98EFBE0B1EA282CD0050675D /* Spottunes-Bridging-Header.h */ = {isa = PBXFileReference; lastKnownFileType = sourcecode.c.h; path = "Spottunes-Bridging-Header.h"; sourceTree = "<group>"; };
		98EFBE111EA292070050675D /* LogInViewController.swift */ = {isa = PBXFileReference; fileEncoding = 4; lastKnownFileType = sourcecode.swift; path = LogInViewController.swift; sourceTree = "<group>"; };
		98EFBE141EA29DCC0050675D /* Base */ = {isa = PBXFileReference; lastKnownFileType = file.storyboard; name = Base; path = Base.lproj/Main.storyboard; sourceTree = "<group>"; };
		98EFBE161EA29E350050675D /* StorybordIdentifier.swift */ = {isa = PBXFileReference; fileEncoding = 4; lastKnownFileType = sourcecode.swift; path = StorybordIdentifier.swift; sourceTree = "<group>"; };
		98EFBE191EA29E350050675D /* App.swift */ = {isa = PBXFileReference; fileEncoding = 4; lastKnownFileType = sourcecode.swift; path = App.swift; sourceTree = "<group>"; };
		98EFBE201EA29F000050675D /* UIViewExtension.swift */ = {isa = PBXFileReference; fileEncoding = 4; lastKnownFileType = sourcecode.swift; path = UIViewExtension.swift; sourceTree = "<group>"; };
		98EFBE211EA29F000050675D /* UIImageExtension.swift */ = {isa = PBXFileReference; fileEncoding = 4; lastKnownFileType = sourcecode.swift; path = UIImageExtension.swift; sourceTree = "<group>"; };
		98EFBE221EA29F000050675D /* UIColorExtension.swift */ = {isa = PBXFileReference; fileEncoding = 4; lastKnownFileType = sourcecode.swift; path = UIColorExtension.swift; sourceTree = "<group>"; };
		98EFBE231EA29F000050675D /* RoundedView.swift */ = {isa = PBXFileReference; fileEncoding = 4; lastKnownFileType = sourcecode.swift; path = RoundedView.swift; sourceTree = "<group>"; };
		98EFBE241EA29F000050675D /* RoundedButton.swift */ = {isa = PBXFileReference; fileEncoding = 4; lastKnownFileType = sourcecode.swift; path = RoundedButton.swift; sourceTree = "<group>"; };
		98EFBE2A1EA2A2E90050675D /* HomeWrapperViewController.swift */ = {isa = PBXFileReference; fileEncoding = 4; lastKnownFileType = sourcecode.swift; path = HomeWrapperViewController.swift; sourceTree = "<group>"; };
		98EFBE301EA2A3CE0050675D /* MapViewController.swift */ = {isa = PBXFileReference; fileEncoding = 4; lastKnownFileType = sourcecode.swift; path = MapViewController.swift; sourceTree = "<group>"; };
		98EFBE331EA2D8930050675D /* TunesDetailsViewController.swift */ = {isa = PBXFileReference; fileEncoding = 4; lastKnownFileType = sourcecode.swift; path = TunesDetailsViewController.swift; sourceTree = "<group>"; };
		98EFBE361EA2E2450050675D /* ListTableViewCell.swift */ = {isa = PBXFileReference; fileEncoding = 4; lastKnownFileType = sourcecode.swift; path = ListTableViewCell.swift; sourceTree = "<group>"; };
		98EFBE3B1EA2EE310050675D /* PlayList.swift */ = {isa = PBXFileReference; fileEncoding = 4; lastKnownFileType = sourcecode.swift; path = PlayList.swift; sourceTree = "<group>"; };
		98EFBE3D1EA341F70050675D /* UIButtonExtension.swift */ = {isa = PBXFileReference; fileEncoding = 4; lastKnownFileType = sourcecode.swift; path = UIButtonExtension.swift; sourceTree = "<group>"; };
		98EFBE3F1EA3C90D0050675D /* Song.swift */ = {isa = PBXFileReference; fileEncoding = 4; lastKnownFileType = sourcecode.swift; path = Song.swift; sourceTree = "<group>"; };
		C5A35C681814C640EE9D42AC /* Pods_Spottunes.framework */ = {isa = PBXFileReference; explicitFileType = wrapper.framework; includeInIndex = 0; path = Pods_Spottunes.framework; sourceTree = BUILT_PRODUCTS_DIR; };
/* End PBXFileReference section */

/* Begin PBXFrameworksBuildPhase section */
		98A0D2801EA27FEB0004966A /* Frameworks */ = {
			isa = PBXFrameworksBuildPhase;
			buildActionMask = 2147483647;
			files = (
				7A4CF60BAF12A50A9C836991 /* Pods_Spottunes.framework in Frameworks */,
				98EFBE0A1EA282790050675D /* SpotifyAuthentication.framework in Frameworks */,
				98EFBE091EA282790050675D /* SpotifyAudioPlayback.framework in Frameworks */,
			);
			runOnlyForDeploymentPostprocessing = 0;
		};
/* End PBXFrameworksBuildPhase section */

/* Begin PBXGroup section */
		98A0D27A1EA27FEA0004966A = {
			isa = PBXGroup;
			children = (
				98A0D2851EA27FEB0004966A /* Spottunes */,
				98A0D2841EA27FEB0004966A /* Products */,
				CE5C78EF2F261759DCB6D41F /* Pods */,
				BADB3D78B37B2B7D8A8FDCE1 /* Frameworks */,
			);
			sourceTree = "<group>";
		};
		98A0D2841EA27FEB0004966A /* Products */ = {
			isa = PBXGroup;
			children = (
				98A0D2831EA27FEB0004966A /* Spottunes.app */,
			);
			name = Products;
			sourceTree = "<group>";
		};
		98A0D2851EA27FEB0004966A /* Spottunes */ = {
			isa = PBXGroup;
			children = (
				98A0D2861EA27FEB0004966A /* AppDelegate.swift */,
				98EFBE3A1EA2EE250050675D /* Model */,
				98EFBE321EA2A4CB0050675D /* Login */,
				98EFBE2C1EA2A2EC0050675D /* Home */,
				98EFBE1F1EA29EEE0050675D /* Extension */,
				98EFBE1E1EA29E390050675D /* Macro */,
				98EFBE131EA29DCC0050675D /* Main.storyboard */,
				98A0D28D1EA27FEB0004966A /* Assets.xcassets */,
				98A0D28F1EA27FEB0004966A /* LaunchScreen.storyboard */,
				98A0D2921EA27FEB0004966A /* Info.plist */,
				98EFBE0B1EA282CD0050675D /* Spottunes-Bridging-Header.h */,
			);
			path = Spottunes;
			sourceTree = "<group>";
		};
		98EFBE1E1EA29E390050675D /* Macro */ = {
			isa = PBXGroup;
			children = (
				98EFBE161EA29E350050675D /* StorybordIdentifier.swift */,
				98EFBE191EA29E350050675D /* App.swift */,
			);
			name = Macro;
			sourceTree = "<group>";
		};
		98EFBE1F1EA29EEE0050675D /* Extension */ = {
			isa = PBXGroup;
			children = (
				98EFBE201EA29F000050675D /* UIViewExtension.swift */,
				98EFBE211EA29F000050675D /* UIImageExtension.swift */,
				98EFBE3D1EA341F70050675D /* UIButtonExtension.swift */,
				98EFBE221EA29F000050675D /* UIColorExtension.swift */,
				98EFBE231EA29F000050675D /* RoundedView.swift */,
				98EFBE241EA29F000050675D /* RoundedButton.swift */,
			);
			name = Extension;
			sourceTree = "<group>";
		};
		98EFBE2C1EA2A2EC0050675D /* Home */ = {
			isa = PBXGroup;
			children = (
				98EFBE2A1EA2A2E90050675D /* HomeWrapperViewController.swift */,
				98EFBE351EA2D8990050675D /* Detail */,
				98EFBE2D1EA2A3750050675D /* Map */,
			);
			name = Home;
			sourceTree = "<group>";
		};
		98EFBE2D1EA2A3750050675D /* Map */ = {
			isa = PBXGroup;
			children = (
				98EFBE301EA2A3CE0050675D /* MapViewController.swift */,
			);
			name = Map;
			sourceTree = "<group>";
		};
		98EFBE321EA2A4CB0050675D /* Login */ = {
			isa = PBXGroup;
			children = (
				98EFBE111EA292070050675D /* LogInViewController.swift */,
			);
			name = Login;
			sourceTree = "<group>";
		};
		98EFBE351EA2D8990050675D /* Detail */ = {
			isa = PBXGroup;
			children = (
				98EFBE331EA2D8930050675D /* TunesDetailsViewController.swift */,
				98EFBE361EA2E2450050675D /* ListTableViewCell.swift */,
			);
			name = Detail;
			sourceTree = "<group>";
		};
		98EFBE3A1EA2EE250050675D /* Model */ = {
			isa = PBXGroup;
			children = (
				98EFBE3B1EA2EE310050675D /* PlayList.swift */,
				98EFBE3F1EA3C90D0050675D /* Song.swift */,
			);
			name = Model;
			sourceTree = "<group>";
		};
		BADB3D78B37B2B7D8A8FDCE1 /* Frameworks */ = {
			isa = PBXGroup;
			children = (
				98EFBE071EA282790050675D /* SpotifyAudioPlayback.framework */,
				98EFBE081EA282790050675D /* SpotifyAuthentication.framework */,
				C5A35C681814C640EE9D42AC /* Pods_Spottunes.framework */,
			);
			name = Frameworks;
			sourceTree = "<group>";
		};
		CE5C78EF2F261759DCB6D41F /* Pods */ = {
			isa = PBXGroup;
			children = (
				766A9720120B2CA291FD022A /* Pods-Spottunes.debug.xcconfig */,
				9600EB3E0DDFD87F47C0ACF7 /* Pods-Spottunes.release.xcconfig */,
			);
			name = Pods;
			sourceTree = "<group>";
		};
/* End PBXGroup section */

/* Begin PBXNativeTarget section */
		98A0D2821EA27FEB0004966A /* Spottunes */ = {
			isa = PBXNativeTarget;
			buildConfigurationList = 98A0D2951EA27FEB0004966A /* Build configuration list for PBXNativeTarget "Spottunes" */;
			buildPhases = (
				ACFD9787710FBC178DD3652D /* [CP] Check Pods Manifest.lock */,
				98A0D27F1EA27FEB0004966A /* Sources */,
				98A0D2801EA27FEB0004966A /* Frameworks */,
				98A0D2811EA27FEB0004966A /* Resources */,
				1F99182980AEE635D07B2871 /* [CP] Embed Pods Frameworks */,
				9B6A771A4EB36EC6B03979F5 /* [CP] Copy Pods Resources */,
			);
			buildRules = (
			);
			dependencies = (
			);
			name = Spottunes;
			productName = Spottunes;
			productReference = 98A0D2831EA27FEB0004966A /* Spottunes.app */;
			productType = "com.apple.product-type.application";
		};
/* End PBXNativeTarget section */

/* Begin PBXProject section */
		98A0D27B1EA27FEA0004966A /* Project object */ = {
			isa = PBXProject;
			attributes = {
				LastSwiftUpdateCheck = 0830;
				LastUpgradeCheck = 0830;
				ORGANIZATIONNAME = "___Spottunes___";
				TargetAttributes = {
					98A0D2821EA27FEB0004966A = {
						CreatedOnToolsVersion = 8.3;
						DevelopmentTeam = 2ATYTS9SNC;
						LastSwiftMigration = 0830;
						ProvisioningStyle = Automatic;
					};
				};
			};
			buildConfigurationList = 98A0D27E1EA27FEA0004966A /* Build configuration list for PBXProject "Spottunes" */;
			compatibilityVersion = "Xcode 3.2";
			developmentRegion = English;
			hasScannedForEncodings = 0;
			knownRegions = (
				en,
				Base,
			);
			mainGroup = 98A0D27A1EA27FEA0004966A;
			productRefGroup = 98A0D2841EA27FEB0004966A /* Products */;
			projectDirPath = "";
			projectRoot = "";
			targets = (
				98A0D2821EA27FEB0004966A /* Spottunes */,
			);
		};
/* End PBXProject section */

/* Begin PBXResourcesBuildPhase section */
		98A0D2811EA27FEB0004966A /* Resources */ = {
			isa = PBXResourcesBuildPhase;
			buildActionMask = 2147483647;
			files = (
				98EFBE151EA29DCC0050675D /* Main.storyboard in Resources */,
				98A0D2911EA27FEB0004966A /* LaunchScreen.storyboard in Resources */,
				98A0D28E1EA27FEB0004966A /* Assets.xcassets in Resources */,
			);
			runOnlyForDeploymentPostprocessing = 0;
		};
/* End PBXResourcesBuildPhase section */

/* Begin PBXShellScriptBuildPhase section */
		1F99182980AEE635D07B2871 /* [CP] Embed Pods Frameworks */ = {
			isa = PBXShellScriptBuildPhase;
			buildActionMask = 2147483647;
			files = (
			);
			inputPaths = (
			);
			name = "[CP] Embed Pods Frameworks";
			outputPaths = (
			);
			runOnlyForDeploymentPostprocessing = 0;
			shellPath = /bin/sh;
			shellScript = "\"${SRCROOT}/Pods/Target Support Files/Pods-Spottunes/Pods-Spottunes-frameworks.sh\"\n";
			showEnvVarsInLog = 0;
		};
		9B6A771A4EB36EC6B03979F5 /* [CP] Copy Pods Resources */ = {
			isa = PBXShellScriptBuildPhase;
			buildActionMask = 2147483647;
			files = (
			);
			inputPaths = (
			);
			name = "[CP] Copy Pods Resources";
			outputPaths = (
			);
			runOnlyForDeploymentPostprocessing = 0;
			shellPath = /bin/sh;
			shellScript = "\"${SRCROOT}/Pods/Target Support Files/Pods-Spottunes/Pods-Spottunes-resources.sh\"\n";
			showEnvVarsInLog = 0;
		};
		ACFD9787710FBC178DD3652D /* [CP] Check Pods Manifest.lock */ = {
			isa = PBXShellScriptBuildPhase;
			buildActionMask = 2147483647;
			files = (
			);
			inputPaths = (
			);
			name = "[CP] Check Pods Manifest.lock";
			outputPaths = (
			);
			runOnlyForDeploymentPostprocessing = 0;
			shellPath = /bin/sh;
			shellScript = "diff \"${PODS_PODFILE_DIR_PATH}/Podfile.lock\" \"${PODS_ROOT}/Manifest.lock\" > /dev/null\nif [ $? != 0 ] ; then\n    # print error to STDERR\n    echo \"error: The sandbox is not in sync with the Podfile.lock. Run 'pod install' or update your CocoaPods installation.\" >&2\n    exit 1\nfi\n";
			showEnvVarsInLog = 0;
		};
/* End PBXShellScriptBuildPhase section */

/* Begin PBXSourcesBuildPhase section */
		98A0D27F1EA27FEB0004966A /* Sources */ = {
			isa = PBXSourcesBuildPhase;
			buildActionMask = 2147483647;
			files = (
				98EFBE311EA2A3CE0050675D /* MapViewController.swift in Sources */,
				98A0D2871EA27FEB0004966A /* AppDelegate.swift in Sources */,
				98EFBE121EA292070050675D /* LogInViewController.swift in Sources */,
				98EFBE261EA29F000050675D /* UIImageExtension.swift in Sources */,
				98EFBE2B1EA2A2E90050675D /* HomeWrapperViewController.swift in Sources */,
				98EFBE1D1EA29E350050675D /* App.swift in Sources */,
				98EFBE291EA29F000050675D /* RoundedButton.swift in Sources */,
				98EFBE271EA29F000050675D /* UIColorExtension.swift in Sources */,
				98EFBE251EA29F000050675D /* UIViewExtension.swift in Sources */,
				98EFBE3C1EA2EE310050675D /* PlayList.swift in Sources */,
				98EFBE281EA29F000050675D /* RoundedView.swift in Sources */,
				98EFBE3E1EA341F70050675D /* UIButtonExtension.swift in Sources */,
				98EFBE401EA3C90D0050675D /* Song.swift in Sources */,
				98EFBE341EA2D8930050675D /* TunesDetailsViewController.swift in Sources */,
				98EFBE371EA2E2450050675D /* ListTableViewCell.swift in Sources */,
				98EFBE1A1EA29E350050675D /* StorybordIdentifier.swift in Sources */,
			);
			runOnlyForDeploymentPostprocessing = 0;
		};
/* End PBXSourcesBuildPhase section */

/* Begin PBXVariantGroup section */
		98A0D28F1EA27FEB0004966A /* LaunchScreen.storyboard */ = {
			isa = PBXVariantGroup;
			children = (
				98A0D2901EA27FEB0004966A /* Base */,
			);
			name = LaunchScreen.storyboard;
			sourceTree = "<group>";
		};
		98EFBE131EA29DCC0050675D /* Main.storyboard */ = {
			isa = PBXVariantGroup;
			children = (
				98EFBE141EA29DCC0050675D /* Base */,
			);
			name = Main.storyboard;
			sourceTree = "<group>";
		};
/* End PBXVariantGroup section */

/* Begin XCBuildConfiguration section */
		98A0D2931EA27FEB0004966A /* Debug */ = {
			isa = XCBuildConfiguration;
			buildSettings = {
				ALWAYS_SEARCH_USER_PATHS = NO;
				CLANG_ANALYZER_NONNULL = YES;
				CLANG_ANALYZER_NUMBER_OBJECT_CONVERSION = YES_AGGRESSIVE;
				CLANG_CXX_LANGUAGE_STANDARD = "gnu++0x";
				CLANG_CXX_LIBRARY = "libc++";
				CLANG_ENABLE_MODULES = YES;
				CLANG_ENABLE_OBJC_ARC = YES;
				CLANG_WARN_BOOL_CONVERSION = YES;
				CLANG_WARN_CONSTANT_CONVERSION = YES;
				CLANG_WARN_DIRECT_OBJC_ISA_USAGE = YES_ERROR;
				CLANG_WARN_DOCUMENTATION_COMMENTS = YES;
				CLANG_WARN_EMPTY_BODY = YES;
				CLANG_WARN_ENUM_CONVERSION = YES;
				CLANG_WARN_INFINITE_RECURSION = YES;
				CLANG_WARN_INT_CONVERSION = YES;
				CLANG_WARN_OBJC_ROOT_CLASS = YES_ERROR;
				CLANG_WARN_SUSPICIOUS_MOVE = YES;
				CLANG_WARN_UNREACHABLE_CODE = YES;
				CLANG_WARN__DUPLICATE_METHOD_MATCH = YES;
				"CODE_SIGN_IDENTITY[sdk=iphoneos*]" = "iPhone Developer";
				COPY_PHASE_STRIP = NO;
				DEBUG_INFORMATION_FORMAT = dwarf;
				ENABLE_STRICT_OBJC_MSGSEND = YES;
				ENABLE_TESTABILITY = YES;
				GCC_C_LANGUAGE_STANDARD = gnu99;
				GCC_DYNAMIC_NO_PIC = NO;
				GCC_NO_COMMON_BLOCKS = YES;
				GCC_OPTIMIZATION_LEVEL = 0;
				GCC_PREPROCESSOR_DEFINITIONS = (
					"DEBUG=1",
					"$(inherited)",
				);
				GCC_WARN_64_TO_32_BIT_CONVERSION = YES;
				GCC_WARN_ABOUT_RETURN_TYPE = YES_ERROR;
				GCC_WARN_UNDECLARED_SELECTOR = YES;
				GCC_WARN_UNINITIALIZED_AUTOS = YES_AGGRESSIVE;
				GCC_WARN_UNUSED_FUNCTION = YES;
				GCC_WARN_UNUSED_VARIABLE = YES;
				IPHONEOS_DEPLOYMENT_TARGET = 10.3;
				MTL_ENABLE_DEBUG_INFO = YES;
				ONLY_ACTIVE_ARCH = YES;
				SDKROOT = iphoneos;
				SWIFT_ACTIVE_COMPILATION_CONDITIONS = DEBUG;
				SWIFT_OPTIMIZATION_LEVEL = "-Onone";
			};
			name = Debug;
		};
		98A0D2941EA27FEB0004966A /* Release */ = {
			isa = XCBuildConfiguration;
			buildSettings = {
				ALWAYS_SEARCH_USER_PATHS = NO;
				CLANG_ANALYZER_NONNULL = YES;
				CLANG_ANALYZER_NUMBER_OBJECT_CONVERSION = YES_AGGRESSIVE;
				CLANG_CXX_LANGUAGE_STANDARD = "gnu++0x";
				CLANG_CXX_LIBRARY = "libc++";
				CLANG_ENABLE_MODULES = YES;
				CLANG_ENABLE_OBJC_ARC = YES;
				CLANG_WARN_BOOL_CONVERSION = YES;
				CLANG_WARN_CONSTANT_CONVERSION = YES;
				CLANG_WARN_DIRECT_OBJC_ISA_USAGE = YES_ERROR;
				CLANG_WARN_DOCUMENTATION_COMMENTS = YES;
				CLANG_WARN_EMPTY_BODY = YES;
				CLANG_WARN_ENUM_CONVERSION = YES;
				CLANG_WARN_INFINITE_RECURSION = YES;
				CLANG_WARN_INT_CONVERSION = YES;
				CLANG_WARN_OBJC_ROOT_CLASS = YES_ERROR;
				CLANG_WARN_SUSPICIOUS_MOVE = YES;
				CLANG_WARN_UNREACHABLE_CODE = YES;
				CLANG_WARN__DUPLICATE_METHOD_MATCH = YES;
				"CODE_SIGN_IDENTITY[sdk=iphoneos*]" = "iPhone Developer";
				COPY_PHASE_STRIP = NO;
				DEBUG_INFORMATION_FORMAT = "dwarf-with-dsym";
				ENABLE_NS_ASSERTIONS = NO;
				ENABLE_STRICT_OBJC_MSGSEND = YES;
				GCC_C_LANGUAGE_STANDARD = gnu99;
				GCC_NO_COMMON_BLOCKS = YES;
				GCC_WARN_64_TO_32_BIT_CONVERSION = YES;
				GCC_WARN_ABOUT_RETURN_TYPE = YES_ERROR;
				GCC_WARN_UNDECLARED_SELECTOR = YES;
				GCC_WARN_UNINITIALIZED_AUTOS = YES_AGGRESSIVE;
				GCC_WARN_UNUSED_FUNCTION = YES;
				GCC_WARN_UNUSED_VARIABLE = YES;
				IPHONEOS_DEPLOYMENT_TARGET = 10.3;
				MTL_ENABLE_DEBUG_INFO = NO;
				SDKROOT = iphoneos;
				SWIFT_OPTIMIZATION_LEVEL = "-Owholemodule";
				VALIDATE_PRODUCT = YES;
			};
			name = Release;
		};
		98A0D2961EA27FEB0004966A /* Debug */ = {
			isa = XCBuildConfiguration;
			baseConfigurationReference = 766A9720120B2CA291FD022A /* Pods-Spottunes.debug.xcconfig */;
			buildSettings = {
				ASSETCATALOG_COMPILER_APPICON_NAME = AppIcon;
				CLANG_ENABLE_MODULES = YES;
				DEVELOPMENT_TEAM = 2ATYTS9SNC;
				FRAMEWORK_SEARCH_PATHS = (
					"$(inherited)",
					"$(PROJECT_DIR)",
				);
				INFOPLIST_FILE = Spottunes/Info.plist;
				LD_RUNPATH_SEARCH_PATHS = "$(inherited) @executable_path/Frameworks";
				OTHER_LDFLAGS = (
					"$(inherited)",
					"-framework",
					"\"Bolts\"",
					"-framework",
					"\"Parse\"",
					"-ObjC",
				);
				PRODUCT_BUNDLE_IDENTIFIER = com.spottunes.Spottunes;
				PRODUCT_NAME = "$(TARGET_NAME)";
				SWIFT_OBJC_BRIDGING_HEADER = "Spottunes/Spottunes-Bridging-Header.h";
				SWIFT_OPTIMIZATION_LEVEL = "-Onone";
				SWIFT_VERSION = 3.0;
			};
			name = Debug;
		};
		98A0D2971EA27FEB0004966A /* Release */ = {
			isa = XCBuildConfiguration;
			baseConfigurationReference = 9600EB3E0DDFD87F47C0ACF7 /* Pods-Spottunes.release.xcconfig */;
			buildSettings = {
				ASSETCATALOG_COMPILER_APPICON_NAME = AppIcon;
				CLANG_ENABLE_MODULES = YES;
				DEVELOPMENT_TEAM = 2ATYTS9SNC;
				FRAMEWORK_SEARCH_PATHS = (
					"$(inherited)",
					"$(PROJECT_DIR)",
				);
				INFOPLIST_FILE = Spottunes/Info.plist;
				LD_RUNPATH_SEARCH_PATHS = "$(inherited) @executable_path/Frameworks";
				OTHER_LDFLAGS = (
					"$(inherited)",
					"-framework",
					"\"Bolts\"",
					"-framework",
					"\"Parse\"",
					"-ObjC",
				);
				PRODUCT_BUNDLE_IDENTIFIER = com.spottunes.Spottunes;
				PRODUCT_NAME = "$(TARGET_NAME)";
				SWIFT_OBJC_BRIDGING_HEADER = "Spottunes/Spottunes-Bridging-Header.h";
				SWIFT_VERSION = 3.0;
			};
			name = Release;
		};
/* End XCBuildConfiguration section */

/* Begin XCConfigurationList section */
		98A0D27E1EA27FEA0004966A /* Build configuration list for PBXProject "Spottunes" */ = {
			isa = XCConfigurationList;
			buildConfigurations = (
				98A0D2931EA27FEB0004966A /* Debug */,
				98A0D2941EA27FEB0004966A /* Release */,
			);
			defaultConfigurationIsVisible = 0;
			defaultConfigurationName = Release;
		};
		98A0D2951EA27FEB0004966A /* Build configuration list for PBXNativeTarget "Spottunes" */ = {
			isa = XCConfigurationList;
			buildConfigurations = (
				98A0D2961EA27FEB0004966A /* Debug */,
				98A0D2971EA27FEB0004966A /* Release */,
			);
			defaultConfigurationIsVisible = 0;
			defaultConfigurationName = Release;
		};
/* End XCConfigurationList section */
	};
	rootObject = 98A0D27B1EA27FEA0004966A /* Project object */;
}
